// !$*UTF8*$!
{
	archiveVersion = 1;
	classes = {
	};
	objectVersion = 55;
	objects = {

/* Begin PBXBuildFile section */
		04CCED6C28C2879800C68DB8 /* Tests_iOS.swift in Sources */ = {isa = PBXBuildFile; fileRef = 04CCED6B28C2879800C68DB8 /* Tests_iOS.swift */; };
		04CCED6E28C2879800C68DB8 /* Tests_iOSLaunchTests.swift in Sources */ = {isa = PBXBuildFile; fileRef = 04CCED6D28C2879800C68DB8 /* Tests_iOSLaunchTests.swift */; };
		04CCED7828C2879800C68DB8 /* Tests_macOS.swift in Sources */ = {isa = PBXBuildFile; fileRef = 04CCED7728C2879800C68DB8 /* Tests_macOS.swift */; };
		04CCED7A28C2879800C68DB8 /* Tests_macOSLaunchTests.swift in Sources */ = {isa = PBXBuildFile; fileRef = 04CCED7928C2879800C68DB8 /* Tests_macOSLaunchTests.swift */; };
		04CCED7B28C2879800C68DB8 /* WalletApp.swift in Sources */ = {isa = PBXBuildFile; fileRef = 04CCED5328C2879600C68DB8 /* WalletApp.swift */; };
		04CCED7C28C2879800C68DB8 /* WalletApp.swift in Sources */ = {isa = PBXBuildFile; fileRef = 04CCED5328C2879600C68DB8 /* WalletApp.swift */; };
		04CCED7D28C2879800C68DB8 /* ContentView.swift in Sources */ = {isa = PBXBuildFile; fileRef = 04CCED5428C2879600C68DB8 /* ContentView.swift */; };
		04CCED7E28C2879800C68DB8 /* ContentView.swift in Sources */ = {isa = PBXBuildFile; fileRef = 04CCED5428C2879600C68DB8 /* ContentView.swift */; };
		04CCED7F28C2879800C68DB8 /* Assets.xcassets in Resources */ = {isa = PBXBuildFile; fileRef = 04CCED5528C2879800C68DB8 /* Assets.xcassets */; };
		04CCED8028C2879800C68DB8 /* Assets.xcassets in Resources */ = {isa = PBXBuildFile; fileRef = 04CCED5528C2879800C68DB8 /* Assets.xcassets */; };
/* End PBXBuildFile section */

/* Begin PBXContainerItemProxy section */
		04CCED6828C2879800C68DB8 /* PBXContainerItemProxy */ = {
			isa = PBXContainerItemProxy;
			containerPortal = 04CCED4E28C2879600C68DB8 /* Project object */;
			proxyType = 1;
			remoteGlobalIDString = 04CCED5928C2879800C68DB8;
			remoteInfo = "Wallet (iOS)";
		};
		04CCED7428C2879800C68DB8 /* PBXContainerItemProxy */ = {
			isa = PBXContainerItemProxy;
			containerPortal = 04CCED4E28C2879600C68DB8 /* Project object */;
			proxyType = 1;
			remoteGlobalIDString = 04CCED5F28C2879800C68DB8;
			remoteInfo = "Wallet (macOS)";
		};
/* End PBXContainerItemProxy section */

/* Begin PBXFileReference section */
		04CCED5328C2879600C68DB8 /* WalletApp.swift */ = {isa = PBXFileReference; lastKnownFileType = sourcecode.swift; path = WalletApp.swift; sourceTree = "<group>"; };
		04CCED5428C2879600C68DB8 /* ContentView.swift */ = {isa = PBXFileReference; lastKnownFileType = sourcecode.swift; path = ContentView.swift; sourceTree = "<group>"; };
		04CCED5528C2879800C68DB8 /* Assets.xcassets */ = {isa = PBXFileReference; lastKnownFileType = folder.assetcatalog; path = Assets.xcassets; sourceTree = "<group>"; };
		04CCED5A28C2879800C68DB8 /* Wallet.app */ = {isa = PBXFileReference; explicitFileType = wrapper.application; includeInIndex = 0; path = Wallet.app; sourceTree = BUILT_PRODUCTS_DIR; };
		04CCED6028C2879800C68DB8 /* Wallet.app */ = {isa = PBXFileReference; explicitFileType = wrapper.application; includeInIndex = 0; path = Wallet.app; sourceTree = BUILT_PRODUCTS_DIR; };
		04CCED6228C2879800C68DB8 /* macOS.entitlements */ = {isa = PBXFileReference; lastKnownFileType = text.plist.entitlements; path = macOS.entitlements; sourceTree = "<group>"; };
		04CCED6728C2879800C68DB8 /* Tests iOS.xctest */ = {isa = PBXFileReference; explicitFileType = wrapper.cfbundle; includeInIndex = 0; path = "Tests iOS.xctest"; sourceTree = BUILT_PRODUCTS_DIR; };
		04CCED6B28C2879800C68DB8 /* Tests_iOS.swift */ = {isa = PBXFileReference; lastKnownFileType = sourcecode.swift; path = Tests_iOS.swift; sourceTree = "<group>"; };
		04CCED6D28C2879800C68DB8 /* Tests_iOSLaunchTests.swift */ = {isa = PBXFileReference; lastKnownFileType = sourcecode.swift; path = Tests_iOSLaunchTests.swift; sourceTree = "<group>"; };
		04CCED7328C2879800C68DB8 /* Tests macOS.xctest */ = {isa = PBXFileReference; explicitFileType = wrapper.cfbundle; includeInIndex = 0; path = "Tests macOS.xctest"; sourceTree = BUILT_PRODUCTS_DIR; };
		04CCED7728C2879800C68DB8 /* Tests_macOS.swift */ = {isa = PBXFileReference; lastKnownFileType = sourcecode.swift; path = Tests_macOS.swift; sourceTree = "<group>"; };
		04CCED7928C2879800C68DB8 /* Tests_macOSLaunchTests.swift */ = {isa = PBXFileReference; lastKnownFileType = sourcecode.swift; path = Tests_macOSLaunchTests.swift; sourceTree = "<group>"; };
/* End PBXFileReference section */

/* Begin PBXFrameworksBuildPhase section */
		04CCED5728C2879800C68DB8 /* Frameworks */ = {
			isa = PBXFrameworksBuildPhase;
			buildActionMask = 2147483647;
			files = (
			);
			runOnlyForDeploymentPostprocessing = 0;
		};
		04CCED5D28C2879800C68DB8 /* Frameworks */ = {
			isa = PBXFrameworksBuildPhase;
			buildActionMask = 2147483647;
			files = (
			);
			runOnlyForDeploymentPostprocessing = 0;
		};
		04CCED6428C2879800C68DB8 /* Frameworks */ = {
			isa = PBXFrameworksBuildPhase;
			buildActionMask = 2147483647;
			files = (
			);
			runOnlyForDeploymentPostprocessing = 0;
		};
		04CCED7028C2879800C68DB8 /* Frameworks */ = {
			isa = PBXFrameworksBuildPhase;
			buildActionMask = 2147483647;
			files = (
			);
			runOnlyForDeploymentPostprocessing = 0;
		};
/* End PBXFrameworksBuildPhase section */

/* Begin PBXGroup section */
		04CCED4D28C2879600C68DB8 = {
			isa = PBXGroup;
			children = (
				04CCED5228C2879600C68DB8 /* Shared */,
				04CCED6128C2879800C68DB8 /* macOS */,
				04CCED6A28C2879800C68DB8 /* Tests iOS */,
				04CCED7628C2879800C68DB8 /* Tests macOS */,
				04CCED5B28C2879800C68DB8 /* Products */,
			);
			sourceTree = "<group>";
		};
		04CCED5228C2879600C68DB8 /* Shared */ = {
			isa = PBXGroup;
			children = (
				04CCED5328C2879600C68DB8 /* WalletApp.swift */,
				04CCED5428C2879600C68DB8 /* ContentView.swift */,
				04CCED5528C2879800C68DB8 /* Assets.xcassets */,
			);
			path = Shared;
			sourceTree = "<group>";
		};
		04CCED5B28C2879800C68DB8 /* Products */ = {
			isa = PBXGroup;
			children = (
				04CCED5A28C2879800C68DB8 /* Wallet.app */,
				04CCED6028C2879800C68DB8 /* Wallet.app */,
				04CCED6728C2879800C68DB8 /* Tests iOS.xctest */,
				04CCED7328C2879800C68DB8 /* Tests macOS.xctest */,
			);
			name = Products;
			sourceTree = "<group>";
		};
		04CCED6128C2879800C68DB8 /* macOS */ = {
			isa = PBXGroup;
			children = (
				04CCED6228C2879800C68DB8 /* macOS.entitlements */,
			);
			path = macOS;
			sourceTree = "<group>";
		};
		04CCED6A28C2879800C68DB8 /* Tests iOS */ = {
			isa = PBXGroup;
			children = (
				04CCED6B28C2879800C68DB8 /* Tests_iOS.swift */,
				04CCED6D28C2879800C68DB8 /* Tests_iOSLaunchTests.swift */,
			);
			path = "Tests iOS";
			sourceTree = "<group>";
		};
		04CCED7628C2879800C68DB8 /* Tests macOS */ = {
			isa = PBXGroup;
			children = (
				04CCED7728C2879800C68DB8 /* Tests_macOS.swift */,
				04CCED7928C2879800C68DB8 /* Tests_macOSLaunchTests.swift */,
			);
			path = "Tests macOS";
			sourceTree = "<group>";
		};
/* End PBXGroup section */

/* Begin PBXNativeTarget section */
		04CCED5928C2879800C68DB8 /* Wallet (iOS) */ = {
			isa = PBXNativeTarget;
			buildConfigurationList = 04CCED8328C2879800C68DB8 /* Build configuration list for PBXNativeTarget "Wallet (iOS)" */;
			buildPhases = (
				04CCED5628C2879800C68DB8 /* Sources */,
				04CCED5728C2879800C68DB8 /* Frameworks */,
				04CCED5828C2879800C68DB8 /* Resources */,
			);
			buildRules = (
			);
			dependencies = (
			);
			name = "Wallet (iOS)";
			productName = "Wallet (iOS)";
			productReference = 04CCED5A28C2879800C68DB8 /* Wallet.app */;
			productType = "com.apple.product-type.application";
		};
		04CCED5F28C2879800C68DB8 /* Wallet (macOS) */ = {
			isa = PBXNativeTarget;
			buildConfigurationList = 04CCED8628C2879800C68DB8 /* Build configuration list for PBXNativeTarget "Wallet (macOS)" */;
			buildPhases = (
				04CCED5C28C2879800C68DB8 /* Sources */,
				04CCED5D28C2879800C68DB8 /* Frameworks */,
				04CCED5E28C2879800C68DB8 /* Resources */,
			);
			buildRules = (
			);
			dependencies = (
			);
			name = "Wallet (macOS)";
			productName = "Wallet (macOS)";
			productReference = 04CCED6028C2879800C68DB8 /* Wallet.app */;
			productType = "com.apple.product-type.application";
		};
		04CCED6628C2879800C68DB8 /* Tests iOS */ = {
			isa = PBXNativeTarget;
			buildConfigurationList = 04CCED8928C2879800C68DB8 /* Build configuration list for PBXNativeTarget "Tests iOS" */;
			buildPhases = (
				04CCED6328C2879800C68DB8 /* Sources */,
				04CCED6428C2879800C68DB8 /* Frameworks */,
				04CCED6528C2879800C68DB8 /* Resources */,
			);
			buildRules = (
			);
			dependencies = (
				04CCED6928C2879800C68DB8 /* PBXTargetDependency */,
			);
			name = "Tests iOS";
			productName = "Tests iOS";
			productReference = 04CCED6728C2879800C68DB8 /* Tests iOS.xctest */;
			productType = "com.apple.product-type.bundle.ui-testing";
		};
		04CCED7228C2879800C68DB8 /* Tests macOS */ = {
			isa = PBXNativeTarget;
			buildConfigurationList = 04CCED8C28C2879800C68DB8 /* Build configuration list for PBXNativeTarget "Tests macOS" */;
			buildPhases = (
				04CCED6F28C2879800C68DB8 /* Sources */,
				04CCED7028C2879800C68DB8 /* Frameworks */,
				04CCED7128C2879800C68DB8 /* Resources */,
			);
			buildRules = (
			);
			dependencies = (
				04CCED7528C2879800C68DB8 /* PBXTargetDependency */,
			);
			name = "Tests macOS";
			productName = "Tests macOS";
			productReference = 04CCED7328C2879800C68DB8 /* Tests macOS.xctest */;
			productType = "com.apple.product-type.bundle.ui-testing";
		};
/* End PBXNativeTarget section */

/* Begin PBXProject section */
		04CCED4E28C2879600C68DB8 /* Project object */ = {
			isa = PBXProject;
			attributes = {
				BuildIndependentTargetsInParallel = 1;
				LastSwiftUpdateCheck = 1340;
				LastUpgradeCheck = 1340;
				TargetAttributes = {
					04CCED5928C2879800C68DB8 = {
						CreatedOnToolsVersion = 13.4.1;
					};
					04CCED5F28C2879800C68DB8 = {
						CreatedOnToolsVersion = 13.4.1;
					};
					04CCED6628C2879800C68DB8 = {
						CreatedOnToolsVersion = 13.4.1;
						TestTargetID = 04CCED5928C2879800C68DB8;
					};
					04CCED7228C2879800C68DB8 = {
						CreatedOnToolsVersion = 13.4.1;
						TestTargetID = 04CCED5F28C2879800C68DB8;
					};
				};
			};
			buildConfigurationList = 04CCED5128C2879600C68DB8 /* Build configuration list for PBXProject "Wallet" */;
			compatibilityVersion = "Xcode 13.0";
			developmentRegion = en;
			hasScannedForEncodings = 0;
			knownRegions = (
				en,
				Base,
			);
			mainGroup = 04CCED4D28C2879600C68DB8;
			productRefGroup = 04CCED5B28C2879800C68DB8 /* Products */;
			projectDirPath = "";
			projectRoot = "";
			targets = (
				04CCED5928C2879800C68DB8 /* Wallet (iOS) */,
				04CCED5F28C2879800C68DB8 /* Wallet (macOS) */,
				04CCED6628C2879800C68DB8 /* Tests iOS */,
				04CCED7228C2879800C68DB8 /* Tests macOS */,
			);
		};
/* End PBXProject section */

/* Begin PBXResourcesBuildPhase section */
		04CCED5828C2879800C68DB8 /* Resources */ = {
			isa = PBXResourcesBuildPhase;
			buildActionMask = 2147483647;
			files = (
				04CCED7F28C2879800C68DB8 /* Assets.xcassets in Resources */,
			);
			runOnlyForDeploymentPostprocessing = 0;
		};
		04CCED5E28C2879800C68DB8 /* Resources */ = {
			isa = PBXResourcesBuildPhase;
			buildActionMask = 2147483647;
			files = (
				04CCED8028C2879800C68DB8 /* Assets.xcassets in Resources */,
			);
			runOnlyForDeploymentPostprocessing = 0;
		};
		04CCED6528C2879800C68DB8 /* Resources */ = {
			isa = PBXResourcesBuildPhase;
			buildActionMask = 2147483647;
			files = (
			);
			runOnlyForDeploymentPostprocessing = 0;
		};
		04CCED7128C2879800C68DB8 /* Resources */ = {
			isa = PBXResourcesBuildPhase;
			buildActionMask = 2147483647;
			files = (
			);
			runOnlyForDeploymentPostprocessing = 0;
		};
/* End PBXResourcesBuildPhase section */

/* Begin PBXSourcesBuildPhase section */
		04CCED5628C2879800C68DB8 /* Sources */ = {
			isa = PBXSourcesBuildPhase;
			buildActionMask = 2147483647;
			files = (
				04CCED7D28C2879800C68DB8 /* ContentView.swift in Sources */,
				04CCED7B28C2879800C68DB8 /* WalletApp.swift in Sources */,
			);
			runOnlyForDeploymentPostprocessing = 0;
		};
		04CCED5C28C2879800C68DB8 /* Sources */ = {
			isa = PBXSourcesBuildPhase;
			buildActionMask = 2147483647;
			files = (
				04CCED7E28C2879800C68DB8 /* ContentView.swift in Sources */,
				04CCED7C28C2879800C68DB8 /* WalletApp.swift in Sources */,
			);
			runOnlyForDeploymentPostprocessing = 0;
		};
		04CCED6328C2879800C68DB8 /* Sources */ = {
			isa = PBXSourcesBuildPhase;
			buildActionMask = 2147483647;
			files = (
				04CCED6E28C2879800C68DB8 /* Tests_iOSLaunchTests.swift in Sources */,
				04CCED6C28C2879800C68DB8 /* Tests_iOS.swift in Sources */,
			);
			runOnlyForDeploymentPostprocessing = 0;
		};
		04CCED6F28C2879800C68DB8 /* Sources */ = {
			isa = PBXSourcesBuildPhase;
			buildActionMask = 2147483647;
			files = (
				04CCED7A28C2879800C68DB8 /* Tests_macOSLaunchTests.swift in Sources */,
				04CCED7828C2879800C68DB8 /* Tests_macOS.swift in Sources */,
			);
			runOnlyForDeploymentPostprocessing = 0;
		};
/* End PBXSourcesBuildPhase section */

/* Begin PBXTargetDependency section */
		04CCED6928C2879800C68DB8 /* PBXTargetDependency */ = {
			isa = PBXTargetDependency;
			target = 04CCED5928C2879800C68DB8 /* Wallet (iOS) */;
			targetProxy = 04CCED6828C2879800C68DB8 /* PBXContainerItemProxy */;
		};
		04CCED7528C2879800C68DB8 /* PBXTargetDependency */ = {
			isa = PBXTargetDependency;
			target = 04CCED5F28C2879800C68DB8 /* Wallet (macOS) */;
			targetProxy = 04CCED7428C2879800C68DB8 /* PBXContainerItemProxy */;
		};
/* End PBXTargetDependency section */

/* Begin XCBuildConfiguration section */
		04CCED8128C2879800C68DB8 /* Debug */ = {
			isa = XCBuildConfiguration;
			buildSettings = {
				ALWAYS_SEARCH_USER_PATHS = NO;
				CLANG_ANALYZER_NONNULL = YES;
				CLANG_ANALYZER_NUMBER_OBJECT_CONVERSION = YES_AGGRESSIVE;
				CLANG_CXX_LANGUAGE_STANDARD = "gnu++17";
				CLANG_ENABLE_MODULES = YES;
				CLANG_ENABLE_OBJC_ARC = YES;
				CLANG_ENABLE_OBJC_WEAK = YES;
				CLANG_WARN_BLOCK_CAPTURE_AUTORELEASING = YES;
				CLANG_WARN_BOOL_CONVERSION = YES;
				CLANG_WARN_COMMA = YES;
				CLANG_WARN_CONSTANT_CONVERSION = YES;
				CLANG_WARN_DEPRECATED_OBJC_IMPLEMENTATIONS = YES;
				CLANG_WARN_DIRECT_OBJC_ISA_USAGE = YES_ERROR;
				CLANG_WARN_DOCUMENTATION_COMMENTS = YES;
				CLANG_WARN_EMPTY_BODY = YES;
				CLANG_WARN_ENUM_CONVERSION = YES;
				CLANG_WARN_INFINITE_RECURSION = YES;
				CLANG_WARN_INT_CONVERSION = YES;
				CLANG_WARN_NON_LITERAL_NULL_CONVERSION = YES;
				CLANG_WARN_OBJC_IMPLICIT_RETAIN_SELF = YES;
				CLANG_WARN_OBJC_LITERAL_CONVERSION = YES;
				CLANG_WARN_OBJC_ROOT_CLASS = YES_ERROR;
				CLANG_WARN_QUOTED_INCLUDE_IN_FRAMEWORK_HEADER = YES;
				CLANG_WARN_RANGE_LOOP_ANALYSIS = YES;
				CLANG_WARN_STRICT_PROTOTYPES = YES;
				CLANG_WARN_SUSPICIOUS_MOVE = YES;
				CLANG_WARN_UNGUARDED_AVAILABILITY = YES_AGGRESSIVE;
				CLANG_WARN_UNREACHABLE_CODE = YES;
				CLANG_WARN__DUPLICATE_METHOD_MATCH = YES;
				COPY_PHASE_STRIP = NO;
				DEBUG_INFORMATION_FORMAT = dwarf;
				ENABLE_STRICT_OBJC_MSGSEND = YES;
				ENABLE_TESTABILITY = YES;
				GCC_C_LANGUAGE_STANDARD = gnu11;
				GCC_DYNAMIC_NO_PIC = NO;
				GCC_NO_COMMON_BLOCKS = YES;
				GCC_OPTIMIZATION_LEVEL = 0;
				GCC_PREPROCESSOR_DEFINITIONS = (
					"DEBUG=1",
					"$(inherited)",
				);
				GCC_WARN_64_TO_32_BIT_CONVERSION = YES;
				GCC_WARN_ABOUT_RETURN_TYPE = YES_ERROR;
				GCC_WARN_UNDECLARED_SELECTOR = YES;
				GCC_WARN_UNINITIALIZED_AUTOS = YES_AGGRESSIVE;
				GCC_WARN_UNUSED_FUNCTION = YES;
				GCC_WARN_UNUSED_VARIABLE = YES;
				MTL_ENABLE_DEBUG_INFO = INCLUDE_SOURCE;
				MTL_FAST_MATH = YES;
				ONLY_ACTIVE_ARCH = YES;
				SWIFT_ACTIVE_COMPILATION_CONDITIONS = DEBUG;
				SWIFT_OPTIMIZATION_LEVEL = "-Onone";
			};
			name = Debug;
		};
		04CCED8228C2879800C68DB8 /* Release */ = {
			isa = XCBuildConfiguration;
			buildSettings = {
				ALWAYS_SEARCH_USER_PATHS = NO;
				CLANG_ANALYZER_NONNULL = YES;
				CLANG_ANALYZER_NUMBER_OBJECT_CONVERSION = YES_AGGRESSIVE;
				CLANG_CXX_LANGUAGE_STANDARD = "gnu++17";
				CLANG_ENABLE_MODULES = YES;
				CLANG_ENABLE_OBJC_ARC = YES;
				CLANG_ENABLE_OBJC_WEAK = YES;
				CLANG_WARN_BLOCK_CAPTURE_AUTORELEASING = YES;
				CLANG_WARN_BOOL_CONVERSION = YES;
				CLANG_WARN_COMMA = YES;
				CLANG_WARN_CONSTANT_CONVERSION = YES;
				CLANG_WARN_DEPRECATED_OBJC_IMPLEMENTATIONS = YES;
				CLANG_WARN_DIRECT_OBJC_ISA_USAGE = YES_ERROR;
				CLANG_WARN_DOCUMENTATION_COMMENTS = YES;
				CLANG_WARN_EMPTY_BODY = YES;
				CLANG_WARN_ENUM_CONVERSION = YES;
				CLANG_WARN_INFINITE_RECURSION = YES;
				CLANG_WARN_INT_CONVERSION = YES;
				CLANG_WARN_NON_LITERAL_NULL_CONVERSION = YES;
				CLANG_WARN_OBJC_IMPLICIT_RETAIN_SELF = YES;
				CLANG_WARN_OBJC_LITERAL_CONVERSION = YES;
				CLANG_WARN_OBJC_ROOT_CLASS = YES_ERROR;
				CLANG_WARN_QUOTED_INCLUDE_IN_FRAMEWORK_HEADER = YES;
				CLANG_WARN_RANGE_LOOP_ANALYSIS = YES;
				CLANG_WARN_STRICT_PROTOTYPES = YES;
				CLANG_WARN_SUSPICIOUS_MOVE = YES;
				CLANG_WARN_UNGUARDED_AVAILABILITY = YES_AGGRESSIVE;
				CLANG_WARN_UNREACHABLE_CODE = YES;
				CLANG_WARN__DUPLICATE_METHOD_MATCH = YES;
				COPY_PHASE_STRIP = NO;
				DEBUG_INFORMATION_FORMAT = "dwarf-with-dsym";
				ENABLE_NS_ASSERTIONS = NO;
				ENABLE_STRICT_OBJC_MSGSEND = YES;
				GCC_C_LANGUAGE_STANDARD = gnu11;
				GCC_NO_COMMON_BLOCKS = YES;
				GCC_WARN_64_TO_32_BIT_CONVERSION = YES;
				GCC_WARN_ABOUT_RETURN_TYPE = YES_ERROR;
				GCC_WARN_UNDECLARED_SELECTOR = YES;
				GCC_WARN_UNINITIALIZED_AUTOS = YES_AGGRESSIVE;
				GCC_WARN_UNUSED_FUNCTION = YES;
				GCC_WARN_UNUSED_VARIABLE = YES;
				MTL_ENABLE_DEBUG_INFO = NO;
				MTL_FAST_MATH = YES;
				SWIFT_COMPILATION_MODE = wholemodule;
				SWIFT_OPTIMIZATION_LEVEL = "-O";
			};
			name = Release;
		};
		04CCED8428C2879800C68DB8 /* Debug */ = {
			isa = XCBuildConfiguration;
			buildSettings = {
				ASSETCATALOG_COMPILER_APPICON_NAME = AppIcon;
				ASSETCATALOG_COMPILER_GLOBAL_ACCENT_COLOR_NAME = AccentColor;
				CODE_SIGN_STYLE = Automatic;
				CURRENT_PROJECT_VERSION = 1;
				DEVELOPMENT_TEAM = F8544XK3Q3;
				ENABLE_PREVIEWS = YES;
				GENERATE_INFOPLIST_FILE = YES;
				INFOPLIST_KEY_UIApplicationSceneManifest_Generation = YES;
				INFOPLIST_KEY_UIApplicationSupportsIndirectInputEvents = YES;
				INFOPLIST_KEY_UILaunchScreen_Generation = YES;
				INFOPLIST_KEY_UISupportedInterfaceOrientations_iPad = "UIInterfaceOrientationPortrait UIInterfaceOrientationPortraitUpsideDown UIInterfaceOrientationLandscapeLeft UIInterfaceOrientationLandscapeRight";
				INFOPLIST_KEY_UISupportedInterfaceOrientations_iPhone = "UIInterfaceOrientationPortrait UIInterfaceOrientationLandscapeLeft UIInterfaceOrientationLandscapeRight";
				IPHONEOS_DEPLOYMENT_TARGET = 15.5;
				LD_RUNPATH_SEARCH_PATHS = (
					"$(inherited)",
					"@executable_path/Frameworks",
				);
				MARKETING_VERSION = 1.0;
				PRODUCT_BUNDLE_IDENTIFIER = com.mapedd.wallet.Wallet;
				PRODUCT_NAME = Wallet;
				SDKROOT = iphoneos;
				SWIFT_EMIT_LOC_STRINGS = YES;
				SWIFT_VERSION = 5.0;
				TARGETED_DEVICE_FAMILY = "1,2";
			};
			name = Debug;
		};
		04CCED8528C2879800C68DB8 /* Release */ = {
			isa = XCBuildConfiguration;
			buildSettings = {
				ASSETCATALOG_COMPILER_APPICON_NAME = AppIcon;
				ASSETCATALOG_COMPILER_GLOBAL_ACCENT_COLOR_NAME = AccentColor;
				CODE_SIGN_STYLE = Automatic;
				CURRENT_PROJECT_VERSION = 1;
				DEVELOPMENT_TEAM = F8544XK3Q3;
				ENABLE_PREVIEWS = YES;
				GENERATE_INFOPLIST_FILE = YES;
				INFOPLIST_KEY_UIApplicationSceneManifest_Generation = YES;
				INFOPLIST_KEY_UIApplicationSupportsIndirectInputEvents = YES;
				INFOPLIST_KEY_UILaunchScreen_Generation = YES;
				INFOPLIST_KEY_UISupportedInterfaceOrientations_iPad = "UIInterfaceOrientationPortrait UIInterfaceOrientationPortraitUpsideDown UIInterfaceOrientationLandscapeLeft UIInterfaceOrientationLandscapeRight";
				INFOPLIST_KEY_UISupportedInterfaceOrientations_iPhone = "UIInterfaceOrientationPortrait UIInterfaceOrientationLandscapeLeft UIInterfaceOrientationLandscapeRight";
				IPHONEOS_DEPLOYMENT_TARGET = 15.5;
				LD_RUNPATH_SEARCH_PATHS = (
					"$(inherited)",
					"@executable_path/Frameworks",
				);
				MARKETING_VERSION = 1.0;
				PRODUCT_BUNDLE_IDENTIFIER = com.mapedd.wallet.Wallet;
				PRODUCT_NAME = Wallet;
				SDKROOT = iphoneos;
				SWIFT_EMIT_LOC_STRINGS = YES;
				SWIFT_VERSION = 5.0;
				TARGETED_DEVICE_FAMILY = "1,2";
				VALIDATE_PRODUCT = YES;
			};
			name = Release;
		};
		04CCED8728C2879800C68DB8 /* Debug */ = {
			isa = XCBuildConfiguration;
			buildSettings = {
				ASSETCATALOG_COMPILER_APPICON_NAME = AppIcon;
				ASSETCATALOG_COMPILER_GLOBAL_ACCENT_COLOR_NAME = AccentColor;
				CODE_SIGN_ENTITLEMENTS = macOS/macOS.entitlements;
				CODE_SIGN_STYLE = Automatic;
				COMBINE_HIDPI_IMAGES = YES;
				CURRENT_PROJECT_VERSION = 1;
				DEVELOPMENT_TEAM = F8544XK3Q3;
				ENABLE_HARDENED_RUNTIME = YES;
				ENABLE_PREVIEWS = YES;
				GENERATE_INFOPLIST_FILE = YES;
				INFOPLIST_KEY_NSHumanReadableCopyright = "";
				LD_RUNPATH_SEARCH_PATHS = (
					"$(inherited)",
					"@executable_path/../Frameworks",
				);
				MACOSX_DEPLOYMENT_TARGET = 12.3;
				MARKETING_VERSION = 1.0;
				PRODUCT_BUNDLE_IDENTIFIER = com.mapedd.wallet.Wallet;
				PRODUCT_NAME = Wallet;
				SDKROOT = macosx;
				SWIFT_EMIT_LOC_STRINGS = YES;
				SWIFT_VERSION = 5.0;
			};
			name = Debug;
		};
		04CCED8828C2879800C68DB8 /* Release */ = {
			isa = XCBuildConfiguration;
			buildSettings = {
				ASSETCATALOG_COMPILER_APPICON_NAME = AppIcon;
				ASSETCATALOG_COMPILER_GLOBAL_ACCENT_COLOR_NAME = AccentColor;
				CODE_SIGN_ENTITLEMENTS = macOS/macOS.entitlements;
				CODE_SIGN_STYLE = Automatic;
				COMBINE_HIDPI_IMAGES = YES;
				CURRENT_PROJECT_VERSION = 1;
				DEVELOPMENT_TEAM = F8544XK3Q3;
				ENABLE_HARDENED_RUNTIME = YES;
				ENABLE_PREVIEWS = YES;
				GENERATE_INFOPLIST_FILE = YES;
				INFOPLIST_KEY_NSHumanReadableCopyright = "";
				LD_RUNPATH_SEARCH_PATHS = (
					"$(inherited)",
					"@executable_path/../Frameworks",
				);
				MACOSX_DEPLOYMENT_TARGET = 12.3;
				MARKETING_VERSION = 1.0;
				PRODUCT_BUNDLE_IDENTIFIER = com.mapedd.wallet.Wallet;
				PRODUCT_NAME = Wallet;
				SDKROOT = macosx;
				SWIFT_EMIT_LOC_STRINGS = YES;
				SWIFT_VERSION = 5.0;
			};
			name = Release;
		};
		04CCED8A28C2879800C68DB8 /* Debug */ = {
			isa = XCBuildConfiguration;
			buildSettings = {
				ALWAYS_EMBED_SWIFT_STANDARD_LIBRARIES = YES;
				CODE_SIGN_STYLE = Automatic;
				CURRENT_PROJECT_VERSION = 1;
				DEVELOPMENT_TEAM = F8544XK3Q3;
				GENERATE_INFOPLIST_FILE = YES;
				IPHONEOS_DEPLOYMENT_TARGET = 15.5;
				MARKETING_VERSION = 1.0;
				PRODUCT_BUNDLE_IDENTIFIER = "com.mapedd.wallet.Tests-iOS";
				PRODUCT_NAME = "$(TARGET_NAME)";
				SDKROOT = iphoneos;
				SWIFT_EMIT_LOC_STRINGS = NO;
				SWIFT_VERSION = 5.0;
				TARGETED_DEVICE_FAMILY = "1,2";
				TEST_TARGET_NAME = "Wallet (iOS)";
			};
			name = Debug;
		};
		04CCED8B28C2879800C68DB8 /* Release */ = {
			isa = XCBuildConfiguration;
			buildSettings = {
				ALWAYS_EMBED_SWIFT_STANDARD_LIBRARIES = YES;
				CODE_SIGN_STYLE = Automatic;
				CURRENT_PROJECT_VERSION = 1;
				DEVELOPMENT_TEAM = F8544XK3Q3;
				GENERATE_INFOPLIST_FILE = YES;
				IPHONEOS_DEPLOYMENT_TARGET = 15.5;
				MARKETING_VERSION = 1.0;
				PRODUCT_BUNDLE_IDENTIFIER = "com.mapedd.wallet.Tests-iOS";
				PRODUCT_NAME = "$(TARGET_NAME)";
				SDKROOT = iphoneos;
				SWIFT_EMIT_LOC_STRINGS = NO;
				SWIFT_VERSION = 5.0;
				TARGETED_DEVICE_FAMILY = "1,2";
				TEST_TARGET_NAME = "Wallet (iOS)";
				VALIDATE_PRODUCT = YES;
			};
			name = Release;
		};
		04CCED8D28C2879800C68DB8 /* Debug */ = {
			isa = XCBuildConfiguration;
			buildSettings = {
				ALWAYS_EMBED_SWIFT_STANDARD_LIBRARIES = YES;
				CODE_SIGN_STYLE = Automatic;
				CURRENT_PROJECT_VERSION = 1;
				DEVELOPMENT_TEAM = F8544XK3Q3;
				GENERATE_INFOPLIST_FILE = YES;
				MACOSX_DEPLOYMENT_TARGET = 12.3;
				MARKETING_VERSION = 1.0;
				PRODUCT_BUNDLE_IDENTIFIER = "com.mapedd.wallet.Tests-macOS";
				PRODUCT_NAME = "$(TARGET_NAME)";
				SDKROOT = macosx;
				SWIFT_EMIT_LOC_STRINGS = NO;
				SWIFT_VERSION = 5.0;
				TEST_TARGET_NAME = "Wallet (macOS)";
			};
			name = Debug;
		};
		04CCED8E28C2879800C68DB8 /* Release */ = {
			isa = XCBuildConfiguration;
			buildSettings = {
				ALWAYS_EMBED_SWIFT_STANDARD_LIBRARIES = YES;
				CODE_SIGN_STYLE = Automatic;
				CURRENT_PROJECT_VERSION = 1;
				DEVELOPMENT_TEAM = F8544XK3Q3;
				GENERATE_INFOPLIST_FILE = YES;
				MACOSX_DEPLOYMENT_TARGET = 12.3;
				MARKETING_VERSION = 1.0;
				PRODUCT_BUNDLE_IDENTIFIER = "com.mapedd.wallet.Tests-macOS";
				PRODUCT_NAME = "$(TARGET_NAME)";
				SDKROOT = macosx;
				SWIFT_EMIT_LOC_STRINGS = NO;
				SWIFT_VERSION = 5.0;
				TEST_TARGET_NAME = "Wallet (macOS)";
			};
			name = Release;
		};
/* End XCBuildConfiguration section */

/* Begin XCConfigurationList section */
		04CCED5128C2879600C68DB8 /* Build configuration list for PBXProject "Wallet" */ = {
			isa = XCConfigurationList;
			buildConfigurations = (
				04CCED8128C2879800C68DB8 /* Debug */,
				04CCED8228C2879800C68DB8 /* Release */,
			);
			defaultConfigurationIsVisible = 0;
			defaultConfigurationName = Release;
		};
		04CCED8328C2879800C68DB8 /* Build configuration list for PBXNativeTarget "Wallet (iOS)" */ = {
			isa = XCConfigurationList;
			buildConfigurations = (
				04CCED8428C2879800C68DB8 /* Debug */,
				04CCED8528C2879800C68DB8 /* Release */,
			);
			defaultConfigurationIsVisible = 0;
			defaultConfigurationName = Release;
		};
		04CCED8628C2879800C68DB8 /* Build configuration list for PBXNativeTarget "Wallet (macOS)" */ = {
			isa = XCConfigurationList;
			buildConfigurations = (
				04CCED8728C2879800C68DB8 /* Debug */,
				04CCED8828C2879800C68DB8 /* Release */,
			);
			defaultConfigurationIsVisible = 0;
			defaultConfigurationName = Release;
		};
		04CCED8928C2879800C68DB8 /* Build configuration list for PBXNativeTarget "Tests iOS" */ = {
			isa = XCConfigurationList;
			buildConfigurations = (
				04CCED8A28C2879800C68DB8 /* Debug */,
				04CCED8B28C2879800C68DB8 /* Release */,
			);
			defaultConfigurationIsVisible = 0;
			defaultConfigurationName = Release;
		};
		04CCED8C28C2879800C68DB8 /* Build configuration list for PBXNativeTarget "Tests macOS" */ = {
			isa = XCConfigurationList;
			buildConfigurations = (
				04CCED8D28C2879800C68DB8 /* Debug */,
				04CCED8E28C2879800C68DB8 /* Release */,
			);
			defaultConfigurationIsVisible = 0;
			defaultConfigurationName = Release;
		};
/* End XCConfigurationList section */
	};
	rootObject = 04CCED4E28C2879600C68DB8 /* Project object */;
}
