// !$*UTF8*$!
{
	archiveVersion = 1;
	classes = {
	};
	objectVersion = 55;
	objects = {

/* Begin PBXBuildFile section */
		0421FC2D28C697A600487827 /* SummaryView.swift in Sources */ = {isa = PBXBuildFile; fileRef = 0421FC2C28C697A600487827 /* SummaryView.swift */; };
		0425AE5728C9356A0032A4FD /* StatisticsView.swift in Sources */ = {isa = PBXBuildFile; fileRef = 0425AE5628C9356A0032A4FD /* StatisticsView.swift */; };
		042A3C2E28DC77B800772365 /* ContentView.swift in Sources */ = {isa = PBXBuildFile; fileRef = 042A3C2D28DC77B800772365 /* ContentView.swift */; };
		042A3C3028DC77B900772365 /* Assets.xcassets in Resources */ = {isa = PBXBuildFile; fileRef = 042A3C2F28DC77B900772365 /* Assets.xcassets */; };
		042A3C3328DC77B900772365 /* Preview Assets.xcassets in Resources */ = {isa = PBXBuildFile; fileRef = 042A3C3228DC77B900772365 /* Preview Assets.xcassets */; };
		042A3C5628DC780400772365 /* WalletApp.swift in Sources */ = {isa = PBXBuildFile; fileRef = 042A3C5428DC780300772365 /* WalletApp.swift */; };
		042A3C5928DC782800772365 /* ComposableArchitecture in Frameworks */ = {isa = PBXBuildFile; productRef = 042A3C5828DC782800772365 /* ComposableArchitecture */; };
		042A3C6128DC7A2900772365 /* EditorView.swift in Sources */ = {isa = PBXBuildFile; fileRef = 042A3C5528DC780400772365 /* EditorView.swift */; };
		043BAFD528CCF9C800A5D2CE /* RecordDetailsView.swift in Sources */ = {isa = PBXBuildFile; fileRef = 043BAFD428CCF9C800A5D2CE /* RecordDetailsView.swift */; };
		0446E396294BC85000B62C95 /* AppApi in Frameworks */ = {isa = PBXBuildFile; productRef = 0446E395294BC85000B62C95 /* AppApi */; };
		0446E39E2951E19E00B62C95 /* Login.swift in Sources */ = {isa = PBXBuildFile; fileRef = 0446E39D2951E19E00B62C95 /* Login.swift */; };
		0450C6CD2992C58D0074A6C7 /* WalletCore in Frameworks */ = {isa = PBXBuildFile; productRef = 0450C6CC2992C58D0074A6C7 /* WalletCore */; };
		0450C6CF2992CEAE0074A6C7 /* WalletCore in Frameworks */ = {isa = PBXBuildFile; productRef = 0450C6CE2992CEAE0074A6C7 /* WalletCore */; };
		04515E2029929A690022404B /* RecordView.swift in Sources */ = {isa = PBXBuildFile; fileRef = 04515E1F29929A690022404B /* RecordView.swift */; };
		04515E2229929DF60022404B /* RecordDetailsView.swift in Sources */ = {isa = PBXBuildFile; fileRef = 04515E2129929DF60022404B /* RecordDetailsView.swift */; };
		0457C0E42978A7A8007ED1FD /* MultiPicker.swift in Sources */ = {isa = PBXBuildFile; fileRef = 0457C0E32978A7A7007ED1FD /* MultiPicker.swift */; };
		0474B6A829C9D9A10078ED34 /* SettingsView.swift in Sources */ = {isa = PBXBuildFile; fileRef = 0474B6A729C9D9A10078ED34 /* SettingsView.swift */; };
		047A194229CF28D5003B51C9 /* DocumentPickerView.swift in Sources */ = {isa = PBXBuildFile; fileRef = 047A194129CF28D5003B51C9 /* DocumentPickerView.swift */; };
		048ACB3F299959830067F772 /* WalletiOSTests.swift in Sources */ = {isa = PBXBuildFile; fileRef = 048ACB3E299959830067F772 /* WalletiOSTests.swift */; };
		04AB3EA028D79CFF00C327A4 /* MainView.swift in Sources */ = {isa = PBXBuildFile; fileRef = 04AB3E9F28D79CFF00C327A4 /* MainView.swift */; };
		04AB3EA328D79EF400C327A4 /* MoneyRecord+UI.swift in Sources */ = {isa = PBXBuildFile; fileRef = 04AB3EA228D79EF400C327A4 /* MoneyRecord+UI.swift */; };
		04B868A1298ED1BA0031C525 /* XCTestDynamicOverlay in Frameworks */ = {isa = PBXBuildFile; productRef = 04B868A0298ED1BA0031C525 /* XCTestDynamicOverlay */; };
		04C1C8E628D9C5C1009E0B0A /* EditViewMultiPlatform.swift in Sources */ = {isa = PBXBuildFile; fileRef = 04C1C8E528D9C5C1009E0B0A /* EditViewMultiPlatform.swift */; };
		04C5050C29919B7F008A6FE1 /* AppApi in Frameworks */ = {isa = PBXBuildFile; productRef = 04C5050B29919B7F008A6FE1 /* AppApi */; };
		04C5050E29919B89008A6FE1 /* SwiftKeychainWrapper in Frameworks */ = {isa = PBXBuildFile; productRef = 04C5050D29919B89008A6FE1 /* SwiftKeychainWrapper */; };
		04C5051029919BB4008A6FE1 /* XCTestDynamicOverlay in Frameworks */ = {isa = PBXBuildFile; productRef = 04C5050F29919BB4008A6FE1 /* XCTestDynamicOverlay */; };
		04C505192991AED6008A6FE1 /* LoginView.swift in Sources */ = {isa = PBXBuildFile; fileRef = 04C505172991AED6008A6FE1 /* LoginView.swift */; };
		04C5051C2991AEF2008A6FE1 /* MainView.swift in Sources */ = {isa = PBXBuildFile; fileRef = 04C5051A2991AEF2008A6FE1 /* MainView.swift */; };
		04C505242991B50D008A6FE1 /* WalletMacTests.swift in Sources */ = {isa = PBXBuildFile; fileRef = 04C505232991B50D008A6FE1 /* WalletMacTests.swift */; };
		04CCED7B28C2879800C68DB8 /* WalletApp.swift in Sources */ = {isa = PBXBuildFile; fileRef = 04CCED5328C2879600C68DB8 /* WalletApp.swift */; };
		04CCED7D28C2879800C68DB8 /* ContentView.swift in Sources */ = {isa = PBXBuildFile; fileRef = 04CCED5428C2879600C68DB8 /* ContentView.swift */; };
		04CCED7F28C2879800C68DB8 /* Assets.xcassets in Resources */ = {isa = PBXBuildFile; fileRef = 04CCED5528C2879800C68DB8 /* Assets.xcassets */; };
		04CCED9128C2881C00C68DB8 /* ComposableArchitecture in Frameworks */ = {isa = PBXBuildFile; productRef = 04CCED9028C2881C00C68DB8 /* ComposableArchitecture */; };
		04CCED9328C28E8D00C68DB8 /* EditorView.swift in Sources */ = {isa = PBXBuildFile; fileRef = 04CCED9228C28E8D00C68DB8 /* EditorView.swift */; };
		04CCED9628C2AD6C00C68DB8 /* RecordView.swift in Sources */ = {isa = PBXBuildFile; fileRef = 04CCED9528C2AD6C00C68DB8 /* RecordView.swift */; };
/* End PBXBuildFile section */

/* Begin PBXContainerItemProxy section */
		048ACB40299959830067F772 /* PBXContainerItemProxy */ = {
			isa = PBXContainerItemProxy;
			containerPortal = 04CCED4E28C2879600C68DB8 /* Project object */;
			proxyType = 1;
			remoteGlobalIDString = 04CCED5928C2879800C68DB8;
			remoteInfo = "Wallet (iOS)";
		};
		04C505252991B50D008A6FE1 /* PBXContainerItemProxy */ = {
			isa = PBXContainerItemProxy;
			containerPortal = 04CCED4E28C2879600C68DB8 /* Project object */;
			proxyType = 1;
			remoteGlobalIDString = 042A3C2828DC77B800772365;
			remoteInfo = "Wallet Mac";
		};
/* End PBXContainerItemProxy section */

/* Begin PBXFileReference section */
		0421FC2C28C697A600487827 /* SummaryView.swift */ = {isa = PBXFileReference; lastKnownFileType = sourcecode.swift; path = SummaryView.swift; sourceTree = "<group>"; };
		0425AE5628C9356A0032A4FD /* StatisticsView.swift */ = {isa = PBXFileReference; lastKnownFileType = sourcecode.swift; path = StatisticsView.swift; sourceTree = "<group>"; };
		042A3C2928DC77B800772365 /* Wallet Mac.app */ = {isa = PBXFileReference; explicitFileType = wrapper.application; includeInIndex = 0; path = "Wallet Mac.app"; sourceTree = BUILT_PRODUCTS_DIR; };
		042A3C2D28DC77B800772365 /* ContentView.swift */ = {isa = PBXFileReference; lastKnownFileType = sourcecode.swift; path = ContentView.swift; sourceTree = "<group>"; };
		042A3C2F28DC77B900772365 /* Assets.xcassets */ = {isa = PBXFileReference; lastKnownFileType = folder.assetcatalog; path = Assets.xcassets; sourceTree = "<group>"; };
		042A3C3228DC77B900772365 /* Preview Assets.xcassets */ = {isa = PBXFileReference; lastKnownFileType = folder.assetcatalog; path = "Preview Assets.xcassets"; sourceTree = "<group>"; };
		042A3C3428DC77B900772365 /* Wallet_Mac.entitlements */ = {isa = PBXFileReference; lastKnownFileType = text.plist.entitlements; path = Wallet_Mac.entitlements; sourceTree = "<group>"; };
		042A3C5428DC780300772365 /* WalletApp.swift */ = {isa = PBXFileReference; fileEncoding = 4; lastKnownFileType = sourcecode.swift; path = WalletApp.swift; sourceTree = "<group>"; };
		042A3C5528DC780400772365 /* EditorView.swift */ = {isa = PBXFileReference; fileEncoding = 4; lastKnownFileType = sourcecode.swift; path = EditorView.swift; sourceTree = "<group>"; };
		043BAFD428CCF9C800A5D2CE /* RecordDetailsView.swift */ = {isa = PBXFileReference; lastKnownFileType = sourcecode.swift; path = RecordDetailsView.swift; sourceTree = "<group>"; };
		0446E39D2951E19E00B62C95 /* Login.swift */ = {isa = PBXFileReference; lastKnownFileType = sourcecode.swift; path = Login.swift; sourceTree = "<group>"; };
		04515E1F29929A690022404B /* RecordView.swift */ = {isa = PBXFileReference; lastKnownFileType = sourcecode.swift; path = RecordView.swift; sourceTree = "<group>"; };
		04515E2129929DF60022404B /* RecordDetailsView.swift */ = {isa = PBXFileReference; lastKnownFileType = sourcecode.swift; path = RecordDetailsView.swift; sourceTree = "<group>"; };
		04560432298EE8C6005031A8 /* README.md */ = {isa = PBXFileReference; lastKnownFileType = net.daringfireball.markdown; path = README.md; sourceTree = "<group>"; };
		0457C0E32978A7A7007ED1FD /* MultiPicker.swift */ = {isa = PBXFileReference; lastKnownFileType = sourcecode.swift; path = MultiPicker.swift; sourceTree = "<group>"; };
		0474B6A729C9D9A10078ED34 /* SettingsView.swift */ = {isa = PBXFileReference; lastKnownFileType = sourcecode.swift; path = SettingsView.swift; sourceTree = "<group>"; };
		047A194129CF28D5003B51C9 /* DocumentPickerView.swift */ = {isa = PBXFileReference; lastKnownFileType = sourcecode.swift; path = DocumentPickerView.swift; sourceTree = "<group>"; };
		047A194329CF32E8003B51C9 /* Wallet--iOS--Info.plist */ = {isa = PBXFileReference; lastKnownFileType = text.plist; path = "Wallet--iOS--Info.plist"; sourceTree = "<group>"; };
		048ACB3C299959830067F772 /* WalletiOSTests.xctest */ = {isa = PBXFileReference; explicitFileType = wrapper.cfbundle; includeInIndex = 0; path = WalletiOSTests.xctest; sourceTree = BUILT_PRODUCTS_DIR; };
		048ACB3E299959830067F772 /* WalletiOSTests.swift */ = {isa = PBXFileReference; lastKnownFileType = sourcecode.swift; path = WalletiOSTests.swift; sourceTree = "<group>"; };
		0498B58529965DC2004C2613 /* Scripts */ = {isa = PBXFileReference; lastKnownFileType = folder; path = Scripts; sourceTree = "<group>"; };
		049CDBAB298D3CBB00ED3FC0 /* config.yml */ = {isa = PBXFileReference; lastKnownFileType = text.yaml; name = config.yml; path = .circleci/config.yml; sourceTree = "<group>"; };
		049CDBB0298D3CC000ED3FC0 /* Appfile */ = {isa = PBXFileReference; lastKnownFileType = text; path = Appfile; sourceTree = "<group>"; };
		049CDBB1298D3CC000ED3FC0 /* Fastfile */ = {isa = PBXFileReference; lastKnownFileType = text; path = Fastfile; sourceTree = "<group>"; };
		04AB3E9F28D79CFF00C327A4 /* MainView.swift */ = {isa = PBXFileReference; lastKnownFileType = sourcecode.swift; path = MainView.swift; sourceTree = "<group>"; };
		04AB3EA228D79EF400C327A4 /* MoneyRecord+UI.swift */ = {isa = PBXFileReference; lastKnownFileType = sourcecode.swift; path = "MoneyRecord+UI.swift"; sourceTree = "<group>"; };
		04C1C8E528D9C5C1009E0B0A /* EditViewMultiPlatform.swift */ = {isa = PBXFileReference; lastKnownFileType = sourcecode.swift; path = EditViewMultiPlatform.swift; sourceTree = "<group>"; };
		04C505172991AED6008A6FE1 /* LoginView.swift */ = {isa = PBXFileReference; lastKnownFileType = sourcecode.swift; path = LoginView.swift; sourceTree = "<group>"; };
		04C5051A2991AEF2008A6FE1 /* MainView.swift */ = {isa = PBXFileReference; lastKnownFileType = sourcecode.swift; path = MainView.swift; sourceTree = "<group>"; };
		04C505212991B50D008A6FE1 /* WalletMacTests.xctest */ = {isa = PBXFileReference; explicitFileType = wrapper.cfbundle; includeInIndex = 0; path = WalletMacTests.xctest; sourceTree = BUILT_PRODUCTS_DIR; };
		04C505232991B50D008A6FE1 /* WalletMacTests.swift */ = {isa = PBXFileReference; lastKnownFileType = sourcecode.swift; path = WalletMacTests.swift; sourceTree = "<group>"; };
		04CCED5328C2879600C68DB8 /* WalletApp.swift */ = {isa = PBXFileReference; lastKnownFileType = sourcecode.swift; path = WalletApp.swift; sourceTree = "<group>"; };
		04CCED5428C2879600C68DB8 /* ContentView.swift */ = {isa = PBXFileReference; lastKnownFileType = sourcecode.swift; path = ContentView.swift; sourceTree = "<group>"; };
		04CCED5528C2879800C68DB8 /* Assets.xcassets */ = {isa = PBXFileReference; lastKnownFileType = folder.assetcatalog; path = Assets.xcassets; sourceTree = "<group>"; };
		04CCED5A28C2879800C68DB8 /* Wallet IOS.app */ = {isa = PBXFileReference; explicitFileType = wrapper.application; includeInIndex = 0; path = "Wallet IOS.app"; sourceTree = BUILT_PRODUCTS_DIR; };
		04CCED9228C28E8D00C68DB8 /* EditorView.swift */ = {isa = PBXFileReference; lastKnownFileType = sourcecode.swift; path = EditorView.swift; sourceTree = "<group>"; };
		04CCED9528C2AD6C00C68DB8 /* RecordView.swift */ = {isa = PBXFileReference; lastKnownFileType = sourcecode.swift; path = RecordView.swift; sourceTree = "<group>"; };
		04DB18B128DDC57400BAF531 /* Backend */ = {isa = PBXFileReference; lastKnownFileType = wrapper; path = Backend; sourceTree = "<group>"; };
		04DD65EE2992BA4700D227BD /* WalletCore */ = {isa = PBXFileReference; lastKnownFileType = wrapper; path = WalletCore; sourceTree = "<group>"; };
/* End PBXFileReference section */

/* Begin PBXFrameworksBuildPhase section */
		042A3C2628DC77B800772365 /* Frameworks */ = {
			isa = PBXFrameworksBuildPhase;
			buildActionMask = 2147483647;
			files = (
				0450C6CF2992CEAE0074A6C7 /* WalletCore in Frameworks */,
				042A3C5928DC782800772365 /* ComposableArchitecture in Frameworks */,
				04C5050C29919B7F008A6FE1 /* AppApi in Frameworks */,
				04C5051029919BB4008A6FE1 /* XCTestDynamicOverlay in Frameworks */,
				04C5050E29919B89008A6FE1 /* SwiftKeychainWrapper in Frameworks */,
			);
			runOnlyForDeploymentPostprocessing = 0;
		};
		048ACB39299959830067F772 /* Frameworks */ = {
			isa = PBXFrameworksBuildPhase;
			buildActionMask = 2147483647;
			files = (
			);
			runOnlyForDeploymentPostprocessing = 0;
		};
		04C5051E2991B50D008A6FE1 /* Frameworks */ = {
			isa = PBXFrameworksBuildPhase;
			buildActionMask = 2147483647;
			files = (
			);
			runOnlyForDeploymentPostprocessing = 0;
		};
		04CCED5728C2879800C68DB8 /* Frameworks */ = {
			isa = PBXFrameworksBuildPhase;
			buildActionMask = 2147483647;
			files = (
				0450C6CD2992C58D0074A6C7 /* WalletCore in Frameworks */,
				04B868A1298ED1BA0031C525 /* XCTestDynamicOverlay in Frameworks */,
				04CCED9128C2881C00C68DB8 /* ComposableArchitecture in Frameworks */,
				0446E396294BC85000B62C95 /* AppApi in Frameworks */,
			);
			runOnlyForDeploymentPostprocessing = 0;
		};
/* End PBXFrameworksBuildPhase section */

/* Begin PBXGroup section */
		042A3C2A28DC77B800772365 /* Mac */ = {
			isa = PBXGroup;
			children = (
				042A3C2D28DC77B800772365 /* ContentView.swift */,
				04515E2129929DF60022404B /* RecordDetailsView.swift */,
				04C5051A2991AEF2008A6FE1 /* MainView.swift */,
				04515E1F29929A690022404B /* RecordView.swift */,
				04C505172991AED6008A6FE1 /* LoginView.swift */,
				042A3C5528DC780400772365 /* EditorView.swift */,
				042A3C5428DC780300772365 /* WalletApp.swift */,
				042A3C2F28DC77B900772365 /* Assets.xcassets */,
				042A3C3428DC77B900772365 /* Wallet_Mac.entitlements */,
				042A3C3128DC77B900772365 /* Preview Content */,
			);
			path = Mac;
			sourceTree = "<group>";
		};
		042A3C3128DC77B900772365 /* Preview Content */ = {
			isa = PBXGroup;
			children = (
				042A3C3228DC77B900772365 /* Preview Assets.xcassets */,
			);
			path = "Preview Content";
			sourceTree = "<group>";
		};
		048ACB3D299959830067F772 /* WalletiOSTests */ = {
			isa = PBXGroup;
			children = (
				048ACB3E299959830067F772 /* WalletiOSTests.swift */,
			);
			path = WalletiOSTests;
			sourceTree = "<group>";
		};
		049CDBAC298D3CC000ED3FC0 /* fastlane */ = {
			isa = PBXGroup;
			children = (
				049CDBB0298D3CC000ED3FC0 /* Appfile */,
				049CDBB1298D3CC000ED3FC0 /* Fastfile */,
			);
			path = fastlane;
			sourceTree = "<group>";
		};
		04AB3E8628D36AF200C327A4 /* Frameworks */ = {
			isa = PBXGroup;
			children = (
			);
			name = Frameworks;
			sourceTree = "<group>";
		};
		04AB3E8928D36B6C00C327A4 /* iOS */ = {
			isa = PBXGroup;
			children = (
				04CCED5328C2879600C68DB8 /* WalletApp.swift */,
				04CCED5428C2879600C68DB8 /* ContentView.swift */,
				0446E39D2951E19E00B62C95 /* Login.swift */,
				04AB3E9F28D79CFF00C327A4 /* MainView.swift */,
				04C1C8E528D9C5C1009E0B0A /* EditViewMultiPlatform.swift */,
				043BAFD428CCF9C800A5D2CE /* RecordDetailsView.swift */,
				0457C0E32978A7A7007ED1FD /* MultiPicker.swift */,
				0421FC2C28C697A600487827 /* SummaryView.swift */,
				0425AE5628C9356A0032A4FD /* StatisticsView.swift */,
				04CCED9228C28E8D00C68DB8 /* EditorView.swift */,
				04CCED9528C2AD6C00C68DB8 /* RecordView.swift */,
				04AB3EA228D79EF400C327A4 /* MoneyRecord+UI.swift */,
				047A194129CF28D5003B51C9 /* DocumentPickerView.swift */,
				0474B6A729C9D9A10078ED34 /* SettingsView.swift */,
				04CCED5528C2879800C68DB8 /* Assets.xcassets */,
			);
			path = iOS;
			sourceTree = "<group>";
		};
		04C505222991B50D008A6FE1 /* WalletMacTests */ = {
			isa = PBXGroup;
			children = (
				04C505232991B50D008A6FE1 /* WalletMacTests.swift */,
			);
			path = WalletMacTests;
			sourceTree = "<group>";
		};
		04CCED4D28C2879600C68DB8 = {
			isa = PBXGroup;
			children = (
				047A194329CF32E8003B51C9 /* Wallet--iOS--Info.plist */,
				0498B58529965DC2004C2613 /* Scripts */,
				04DD65EE2992BA4700D227BD /* WalletCore */,
				04560432298EE8C6005031A8 /* README.md */,
				049CDBAC298D3CC000ED3FC0 /* fastlane */,
				049CDBAB298D3CBB00ED3FC0 /* config.yml */,
				04DB18B128DDC57400BAF531 /* Backend */,
				04AB3E8928D36B6C00C327A4 /* iOS */,
				042A3C2A28DC77B800772365 /* Mac */,
				04C505222991B50D008A6FE1 /* WalletMacTests */,
				048ACB3D299959830067F772 /* WalletiOSTests */,
				04CCED5B28C2879800C68DB8 /* Products */,
				04AB3E8628D36AF200C327A4 /* Frameworks */,
			);
			sourceTree = "<group>";
		};
		04CCED5B28C2879800C68DB8 /* Products */ = {
			isa = PBXGroup;
			children = (
				04CCED5A28C2879800C68DB8 /* Wallet IOS.app */,
				042A3C2928DC77B800772365 /* Wallet Mac.app */,
				04C505212991B50D008A6FE1 /* WalletMacTests.xctest */,
				048ACB3C299959830067F772 /* WalletiOSTests.xctest */,
			);
			name = Products;
			sourceTree = "<group>";
		};
/* End PBXGroup section */

/* Begin PBXNativeTarget section */
		042A3C2828DC77B800772365 /* Wallet Mac */ = {
			isa = PBXNativeTarget;
			buildConfigurationList = 042A3C4B28DC77BA00772365 /* Build configuration list for PBXNativeTarget "Wallet Mac" */;
			buildPhases = (
				042A3C2528DC77B800772365 /* Sources */,
				042A3C2628DC77B800772365 /* Frameworks */,
				042A3C2728DC77B800772365 /* Resources */,
			);
			buildRules = (
			);
			dependencies = (
			);
			name = "Wallet Mac";
			packageProductDependencies = (
				042A3C5828DC782800772365 /* ComposableArchitecture */,
				04C5050B29919B7F008A6FE1 /* AppApi */,
				04C5050D29919B89008A6FE1 /* SwiftKeychainWrapper */,
				04C5050F29919BB4008A6FE1 /* XCTestDynamicOverlay */,
				0450C6CE2992CEAE0074A6C7 /* WalletCore */,
			);
			productName = "Wallet Mac";
			productReference = 042A3C2928DC77B800772365 /* Wallet Mac.app */;
			productType = "com.apple.product-type.application";
		};
		048ACB3B299959830067F772 /* WalletiOSTests */ = {
			isa = PBXNativeTarget;
			buildConfigurationList = 048ACB42299959830067F772 /* Build configuration list for PBXNativeTarget "WalletiOSTests" */;
			buildPhases = (
				048ACB38299959830067F772 /* Sources */,
				048ACB39299959830067F772 /* Frameworks */,
				048ACB3A299959830067F772 /* Resources */,
			);
			buildRules = (
			);
			dependencies = (
				048ACB41299959830067F772 /* PBXTargetDependency */,
			);
			name = WalletiOSTests;
			productName = WalletiOSTests;
			productReference = 048ACB3C299959830067F772 /* WalletiOSTests.xctest */;
			productType = "com.apple.product-type.bundle.unit-test";
		};
		04C505202991B50D008A6FE1 /* WalletMacTests */ = {
			isa = PBXNativeTarget;
			buildConfigurationList = 04C505272991B50D008A6FE1 /* Build configuration list for PBXNativeTarget "WalletMacTests" */;
			buildPhases = (
				04C5051D2991B50D008A6FE1 /* Sources */,
				04C5051E2991B50D008A6FE1 /* Frameworks */,
				04C5051F2991B50D008A6FE1 /* Resources */,
			);
			buildRules = (
			);
			dependencies = (
				04C505262991B50D008A6FE1 /* PBXTargetDependency */,
			);
			name = WalletMacTests;
			productName = WalletMacTests;
			productReference = 04C505212991B50D008A6FE1 /* WalletMacTests.xctest */;
			productType = "com.apple.product-type.bundle.unit-test";
		};
		04CCED5928C2879800C68DB8 /* Wallet (iOS) */ = {
			isa = PBXNativeTarget;
			buildConfigurationList = 04CCED8328C2879800C68DB8 /* Build configuration list for PBXNativeTarget "Wallet (iOS)" */;
			buildPhases = (
				04CCED5628C2879800C68DB8 /* Sources */,
				04CCED5728C2879800C68DB8 /* Frameworks */,
				04CCED5828C2879800C68DB8 /* Resources */,
			);
			buildRules = (
			);
			dependencies = (
			);
			name = "Wallet (iOS)";
			packageProductDependencies = (
				04CCED9028C2881C00C68DB8 /* ComposableArchitecture */,
				0446E395294BC85000B62C95 /* AppApi */,
				04B868A0298ED1BA0031C525 /* XCTestDynamicOverlay */,
				0450C6CC2992C58D0074A6C7 /* WalletCore */,
			);
			productName = "Wallet (iOS)";
			productReference = 04CCED5A28C2879800C68DB8 /* Wallet IOS.app */;
			productType = "com.apple.product-type.application";
		};
/* End PBXNativeTarget section */

/* Begin PBXProject section */
		04CCED4E28C2879600C68DB8 /* Project object */ = {
			isa = PBXProject;
			attributes = {
				BuildIndependentTargetsInParallel = 1;
				LastSwiftUpdateCheck = 1410;
				LastUpgradeCheck = 1340;
				TargetAttributes = {
					042A3C2828DC77B800772365 = {
						CreatedOnToolsVersion = 13.4.1;
					};
					048ACB3B299959830067F772 = {
						CreatedOnToolsVersion = 14.1;
						TestTargetID = 04CCED5928C2879800C68DB8;
					};
					04C505202991B50D008A6FE1 = {
						CreatedOnToolsVersion = 14.1;
						TestTargetID = 042A3C2828DC77B800772365;
					};
					04CCED5928C2879800C68DB8 = {
						CreatedOnToolsVersion = 13.4.1;
					};
				};
			};
			buildConfigurationList = 04CCED5128C2879600C68DB8 /* Build configuration list for PBXProject "Wallet" */;
			compatibilityVersion = "Xcode 13.0";
			developmentRegion = en;
			hasScannedForEncodings = 0;
			knownRegions = (
				en,
				Base,
			);
			mainGroup = 04CCED4D28C2879600C68DB8;
			packageReferences = (
				04CCED8F28C2881C00C68DB8 /* XCRemoteSwiftPackageReference "swift-composable-architecture" */,
				0446E3A3295267FA00B62C95 /* XCRemoteSwiftPackageReference "SwiftKeychainWrapper" */,
				04B8689F298ED1BA0031C525 /* XCRemoteSwiftPackageReference "xctest-dynamic-overlay" */,
			);
			productRefGroup = 04CCED5B28C2879800C68DB8 /* Products */;
			projectDirPath = "";
			projectRoot = "";
			targets = (
				04CCED5928C2879800C68DB8 /* Wallet (iOS) */,
				042A3C2828DC77B800772365 /* Wallet Mac */,
				04C505202991B50D008A6FE1 /* WalletMacTests */,
				048ACB3B299959830067F772 /* WalletiOSTests */,
			);
		};
/* End PBXProject section */

/* Begin PBXResourcesBuildPhase section */
		042A3C2728DC77B800772365 /* Resources */ = {
			isa = PBXResourcesBuildPhase;
			buildActionMask = 2147483647;
			files = (
				042A3C3328DC77B900772365 /* Preview Assets.xcassets in Resources */,
				042A3C3028DC77B900772365 /* Assets.xcassets in Resources */,
			);
			runOnlyForDeploymentPostprocessing = 0;
		};
		048ACB3A299959830067F772 /* Resources */ = {
			isa = PBXResourcesBuildPhase;
			buildActionMask = 2147483647;
			files = (
			);
			runOnlyForDeploymentPostprocessing = 0;
		};
		04C5051F2991B50D008A6FE1 /* Resources */ = {
			isa = PBXResourcesBuildPhase;
			buildActionMask = 2147483647;
			files = (
			);
			runOnlyForDeploymentPostprocessing = 0;
		};
		04CCED5828C2879800C68DB8 /* Resources */ = {
			isa = PBXResourcesBuildPhase;
			buildActionMask = 2147483647;
			files = (
				04CCED7F28C2879800C68DB8 /* Assets.xcassets in Resources */,
			);
			runOnlyForDeploymentPostprocessing = 0;
		};
/* End PBXResourcesBuildPhase section */

/* Begin PBXSourcesBuildPhase section */
		042A3C2528DC77B800772365 /* Sources */ = {
			isa = PBXSourcesBuildPhase;
			buildActionMask = 2147483647;
			files = (
				04515E2229929DF60022404B /* RecordDetailsView.swift in Sources */,
				042A3C5628DC780400772365 /* WalletApp.swift in Sources */,
				04C505192991AED6008A6FE1 /* LoginView.swift in Sources */,
				04515E2029929A690022404B /* RecordView.swift in Sources */,
				04C5051C2991AEF2008A6FE1 /* MainView.swift in Sources */,
				042A3C2E28DC77B800772365 /* ContentView.swift in Sources */,
				042A3C6128DC7A2900772365 /* EditorView.swift in Sources */,
			);
			runOnlyForDeploymentPostprocessing = 0;
		};
		048ACB38299959830067F772 /* Sources */ = {
			isa = PBXSourcesBuildPhase;
			buildActionMask = 2147483647;
			files = (
				048ACB3F299959830067F772 /* WalletiOSTests.swift in Sources */,
			);
			runOnlyForDeploymentPostprocessing = 0;
		};
		04C5051D2991B50D008A6FE1 /* Sources */ = {
			isa = PBXSourcesBuildPhase;
			buildActionMask = 2147483647;
			files = (
				04C505242991B50D008A6FE1 /* WalletMacTests.swift in Sources */,
			);
			runOnlyForDeploymentPostprocessing = 0;
		};
		04CCED5628C2879800C68DB8 /* Sources */ = {
			isa = PBXSourcesBuildPhase;
			buildActionMask = 2147483647;
			files = (
				04CCED9328C28E8D00C68DB8 /* EditorView.swift in Sources */,
				0457C0E42978A7A8007ED1FD /* MultiPicker.swift in Sources */,
				04CCED9628C2AD6C00C68DB8 /* RecordView.swift in Sources */,
				0425AE5728C9356A0032A4FD /* StatisticsView.swift in Sources */,
				0421FC2D28C697A600487827 /* SummaryView.swift in Sources */,
				04CCED7D28C2879800C68DB8 /* ContentView.swift in Sources */,
				04CCED7B28C2879800C68DB8 /* WalletApp.swift in Sources */,
				0446E39E2951E19E00B62C95 /* Login.swift in Sources */,
				04AB3EA028D79CFF00C327A4 /* MainView.swift in Sources */,
				04C1C8E628D9C5C1009E0B0A /* EditViewMultiPlatform.swift in Sources */,
				043BAFD528CCF9C800A5D2CE /* RecordDetailsView.swift in Sources */,
				047A194229CF28D5003B51C9 /* DocumentPickerView.swift in Sources */,
				04AB3EA328D79EF400C327A4 /* MoneyRecord+UI.swift in Sources */,
				0474B6A829C9D9A10078ED34 /* SettingsView.swift in Sources */,
			);
			runOnlyForDeploymentPostprocessing = 0;
		};
/* End PBXSourcesBuildPhase section */

/* Begin PBXTargetDependency section */
		048ACB41299959830067F772 /* PBXTargetDependency */ = {
			isa = PBXTargetDependency;
			target = 04CCED5928C2879800C68DB8 /* Wallet (iOS) */;
			targetProxy = 048ACB40299959830067F772 /* PBXContainerItemProxy */;
		};
		04C505262991B50D008A6FE1 /* PBXTargetDependency */ = {
			isa = PBXTargetDependency;
			target = 042A3C2828DC77B800772365 /* Wallet Mac */;
			targetProxy = 04C505252991B50D008A6FE1 /* PBXContainerItemProxy */;
		};
/* End PBXTargetDependency section */

/* Begin XCBuildConfiguration section */
		042A3C4C28DC77BA00772365 /* Debug */ = {
			isa = XCBuildConfiguration;
			buildSettings = {
				ASSETCATALOG_COMPILER_APPICON_NAME = AppIcon;
				ASSETCATALOG_COMPILER_GLOBAL_ACCENT_COLOR_NAME = AccentColor;
				CODE_SIGN_ENTITLEMENTS = Mac/Wallet_Mac.entitlements;
				CODE_SIGN_IDENTITY = "Apple Development";
				CODE_SIGN_STYLE = Automatic;
				COMBINE_HIDPI_IMAGES = YES;
				CURRENT_PROJECT_VERSION = 1;
				DEVELOPMENT_ASSET_PATHS = "\"Mac/Preview Content\"";
				DEVELOPMENT_TEAM = F8544XK3Q3;
				ENABLE_HARDENED_RUNTIME = YES;
				ENABLE_PREVIEWS = YES;
				GENERATE_INFOPLIST_FILE = YES;
				INFOPLIST_KEY_CFBundleDisplayName = Wallet;
				INFOPLIST_KEY_NSHumanReadableCopyright = "";
				LD_RUNPATH_SEARCH_PATHS = (
					"$(inherited)",
					"@executable_path/../Frameworks",
				);
				MACOSX_DEPLOYMENT_TARGET = 12.4;
				MARKETING_VERSION = 1.0;
				PRODUCT_BUNDLE_IDENTIFIER = "com.mapedd.wallet.Wallet-Mac";
				PRODUCT_NAME = "$(TARGET_NAME)";
				PROVISIONING_PROFILE_SPECIFIER = "";
				SDKROOT = macosx;
				SWIFT_EMIT_LOC_STRINGS = YES;
				SWIFT_VERSION = 5.0;
			};
			name = Debug;
		};
		042A3C4D28DC77BA00772365 /* Release */ = {
			isa = XCBuildConfiguration;
			buildSettings = {
				ASSETCATALOG_COMPILER_APPICON_NAME = AppIcon;
				ASSETCATALOG_COMPILER_GLOBAL_ACCENT_COLOR_NAME = AccentColor;
				CODE_SIGN_ENTITLEMENTS = Mac/Wallet_Mac.entitlements;
				CODE_SIGN_IDENTITY = "Apple Development";
				CODE_SIGN_STYLE = Automatic;
				COMBINE_HIDPI_IMAGES = YES;
				CURRENT_PROJECT_VERSION = 1;
				DEVELOPMENT_ASSET_PATHS = "\"Mac/Preview Content\"";
				DEVELOPMENT_TEAM = F8544XK3Q3;
				ENABLE_HARDENED_RUNTIME = YES;
				ENABLE_PREVIEWS = YES;
				GENERATE_INFOPLIST_FILE = YES;
				INFOPLIST_KEY_CFBundleDisplayName = Wallet;
				INFOPLIST_KEY_NSHumanReadableCopyright = "";
				LD_RUNPATH_SEARCH_PATHS = (
					"$(inherited)",
					"@executable_path/../Frameworks",
				);
				MACOSX_DEPLOYMENT_TARGET = 12.4;
				MARKETING_VERSION = 1.0;
				PRODUCT_BUNDLE_IDENTIFIER = "com.mapedd.wallet.Wallet-Mac";
				PRODUCT_NAME = "$(TARGET_NAME)";
				PROVISIONING_PROFILE_SPECIFIER = "";
				SDKROOT = macosx;
				SWIFT_EMIT_LOC_STRINGS = YES;
				SWIFT_VERSION = 5.0;
			};
			name = Release;
		};
		048ACB43299959830067F772 /* Debug */ = {
			isa = XCBuildConfiguration;
			buildSettings = {
				BUNDLE_LOADER = "$(TEST_HOST)";
				CLANG_CXX_LANGUAGE_STANDARD = "gnu++20";
				CODE_SIGN_STYLE = Automatic;
				CURRENT_PROJECT_VERSION = 1;
				DEVELOPMENT_TEAM = M84U5M38D2;
				GENERATE_INFOPLIST_FILE = YES;
				IPHONEOS_DEPLOYMENT_TARGET = 16.1;
				MARKETING_VERSION = 1.0;
				PRODUCT_BUNDLE_IDENTIFIER = com.mapedd.WalletiOSTests;
				PRODUCT_NAME = "$(TARGET_NAME)";
				SDKROOT = iphoneos;
				SWIFT_EMIT_LOC_STRINGS = NO;
				SWIFT_VERSION = 5.0;
				TARGETED_DEVICE_FAMILY = "1,2";
				TEST_HOST = "$(BUILT_PRODUCTS_DIR)/Wallet IOS.app/$(BUNDLE_EXECUTABLE_FOLDER_PATH)/Wallet IOS";
			};
			name = Debug;
		};
		048ACB44299959830067F772 /* Release */ = {
			isa = XCBuildConfiguration;
			buildSettings = {
				BUNDLE_LOADER = "$(TEST_HOST)";
				CLANG_CXX_LANGUAGE_STANDARD = "gnu++20";
				CODE_SIGN_STYLE = Automatic;
				CURRENT_PROJECT_VERSION = 1;
				DEVELOPMENT_TEAM = M84U5M38D2;
				GENERATE_INFOPLIST_FILE = YES;
				IPHONEOS_DEPLOYMENT_TARGET = 16.1;
				MARKETING_VERSION = 1.0;
				PRODUCT_BUNDLE_IDENTIFIER = com.mapedd.WalletiOSTests;
				PRODUCT_NAME = "$(TARGET_NAME)";
				SDKROOT = iphoneos;
				SWIFT_EMIT_LOC_STRINGS = NO;
				SWIFT_VERSION = 5.0;
				TARGETED_DEVICE_FAMILY = "1,2";
				TEST_HOST = "$(BUILT_PRODUCTS_DIR)/Wallet IOS.app/$(BUNDLE_EXECUTABLE_FOLDER_PATH)/Wallet IOS";
				VALIDATE_PRODUCT = YES;
			};
			name = Release;
		};
		04C505282991B50D008A6FE1 /* Debug */ = {
			isa = XCBuildConfiguration;
			buildSettings = {
				BUNDLE_LOADER = "$(TEST_HOST)";
				CLANG_CXX_LANGUAGE_STANDARD = "gnu++20";
				CODE_SIGN_STYLE = Automatic;
				CURRENT_PROJECT_VERSION = 1;
				DEVELOPMENT_TEAM = M84U5M38D2;
				GENERATE_INFOPLIST_FILE = YES;
				MACOSX_DEPLOYMENT_TARGET = 12.6;
				MARKETING_VERSION = 1.0;
				PRODUCT_BUNDLE_IDENTIFIER = com.mapedd.WalletMacTests;
				PRODUCT_NAME = "$(TARGET_NAME)";
				SDKROOT = macosx;
				SWIFT_EMIT_LOC_STRINGS = NO;
				SWIFT_VERSION = 5.0;
				TEST_HOST = "$(BUILT_PRODUCTS_DIR)/Wallet Mac.app/$(BUNDLE_EXECUTABLE_FOLDER_PATH)/Wallet Mac";
			};
			name = Debug;
		};
		04C505292991B50D008A6FE1 /* Release */ = {
			isa = XCBuildConfiguration;
			buildSettings = {
				BUNDLE_LOADER = "$(TEST_HOST)";
				CLANG_CXX_LANGUAGE_STANDARD = "gnu++20";
				CODE_SIGN_STYLE = Automatic;
				CURRENT_PROJECT_VERSION = 1;
				DEVELOPMENT_TEAM = M84U5M38D2;
				GENERATE_INFOPLIST_FILE = YES;
				MACOSX_DEPLOYMENT_TARGET = 12.6;
				MARKETING_VERSION = 1.0;
				PRODUCT_BUNDLE_IDENTIFIER = com.mapedd.WalletMacTests;
				PRODUCT_NAME = "$(TARGET_NAME)";
				SDKROOT = macosx;
				SWIFT_EMIT_LOC_STRINGS = NO;
				SWIFT_VERSION = 5.0;
				TEST_HOST = "$(BUILT_PRODUCTS_DIR)/Wallet Mac.app/$(BUNDLE_EXECUTABLE_FOLDER_PATH)/Wallet Mac";
			};
			name = Release;
		};
		04CCED8128C2879800C68DB8 /* Debug */ = {
			isa = XCBuildConfiguration;
			buildSettings = {
				ALWAYS_SEARCH_USER_PATHS = NO;
				CLANG_ANALYZER_NONNULL = YES;
				CLANG_ANALYZER_NUMBER_OBJECT_CONVERSION = YES_AGGRESSIVE;
				CLANG_CXX_LANGUAGE_STANDARD = "gnu++17";
				CLANG_ENABLE_MODULES = YES;
				CLANG_ENABLE_OBJC_ARC = YES;
				CLANG_ENABLE_OBJC_WEAK = YES;
				CLANG_WARN_BLOCK_CAPTURE_AUTORELEASING = YES;
				CLANG_WARN_BOOL_CONVERSION = YES;
				CLANG_WARN_COMMA = YES;
				CLANG_WARN_CONSTANT_CONVERSION = YES;
				CLANG_WARN_DEPRECATED_OBJC_IMPLEMENTATIONS = YES;
				CLANG_WARN_DIRECT_OBJC_ISA_USAGE = YES_ERROR;
				CLANG_WARN_DOCUMENTATION_COMMENTS = YES;
				CLANG_WARN_EMPTY_BODY = YES;
				CLANG_WARN_ENUM_CONVERSION = YES;
				CLANG_WARN_INFINITE_RECURSION = YES;
				CLANG_WARN_INT_CONVERSION = YES;
				CLANG_WARN_NON_LITERAL_NULL_CONVERSION = YES;
				CLANG_WARN_OBJC_IMPLICIT_RETAIN_SELF = YES;
				CLANG_WARN_OBJC_LITERAL_CONVERSION = YES;
				CLANG_WARN_OBJC_ROOT_CLASS = YES_ERROR;
				CLANG_WARN_QUOTED_INCLUDE_IN_FRAMEWORK_HEADER = YES;
				CLANG_WARN_RANGE_LOOP_ANALYSIS = YES;
				CLANG_WARN_STRICT_PROTOTYPES = YES;
				CLANG_WARN_SUSPICIOUS_MOVE = YES;
				CLANG_WARN_UNGUARDED_AVAILABILITY = YES_AGGRESSIVE;
				CLANG_WARN_UNREACHABLE_CODE = YES;
				CLANG_WARN__DUPLICATE_METHOD_MATCH = YES;
				COPY_PHASE_STRIP = NO;
				DEBUG_INFORMATION_FORMAT = dwarf;
				ENABLE_STRICT_OBJC_MSGSEND = YES;
				ENABLE_TESTABILITY = YES;
				GCC_C_LANGUAGE_STANDARD = gnu11;
				GCC_DYNAMIC_NO_PIC = NO;
				GCC_NO_COMMON_BLOCKS = YES;
				GCC_OPTIMIZATION_LEVEL = 0;
				GCC_PREPROCESSOR_DEFINITIONS = (
					"DEBUG=1",
					"$(inherited)",
				);
				GCC_WARN_64_TO_32_BIT_CONVERSION = YES;
				GCC_WARN_ABOUT_RETURN_TYPE = YES_ERROR;
				GCC_WARN_UNDECLARED_SELECTOR = YES;
				GCC_WARN_UNINITIALIZED_AUTOS = YES_AGGRESSIVE;
				GCC_WARN_UNUSED_FUNCTION = YES;
				GCC_WARN_UNUSED_VARIABLE = YES;
				MTL_ENABLE_DEBUG_INFO = INCLUDE_SOURCE;
				MTL_FAST_MATH = YES;
				ONLY_ACTIVE_ARCH = YES;
				SWIFT_ACTIVE_COMPILATION_CONDITIONS = DEBUG;
				SWIFT_OPTIMIZATION_LEVEL = "-Onone";
			};
			name = Debug;
		};
		04CCED8228C2879800C68DB8 /* Release */ = {
			isa = XCBuildConfiguration;
			buildSettings = {
				ALWAYS_SEARCH_USER_PATHS = NO;
				CLANG_ANALYZER_NONNULL = YES;
				CLANG_ANALYZER_NUMBER_OBJECT_CONVERSION = YES_AGGRESSIVE;
				CLANG_CXX_LANGUAGE_STANDARD = "gnu++17";
				CLANG_ENABLE_MODULES = YES;
				CLANG_ENABLE_OBJC_ARC = YES;
				CLANG_ENABLE_OBJC_WEAK = YES;
				CLANG_WARN_BLOCK_CAPTURE_AUTORELEASING = YES;
				CLANG_WARN_BOOL_CONVERSION = YES;
				CLANG_WARN_COMMA = YES;
				CLANG_WARN_CONSTANT_CONVERSION = YES;
				CLANG_WARN_DEPRECATED_OBJC_IMPLEMENTATIONS = YES;
				CLANG_WARN_DIRECT_OBJC_ISA_USAGE = YES_ERROR;
				CLANG_WARN_DOCUMENTATION_COMMENTS = YES;
				CLANG_WARN_EMPTY_BODY = YES;
				CLANG_WARN_ENUM_CONVERSION = YES;
				CLANG_WARN_INFINITE_RECURSION = YES;
				CLANG_WARN_INT_CONVERSION = YES;
				CLANG_WARN_NON_LITERAL_NULL_CONVERSION = YES;
				CLANG_WARN_OBJC_IMPLICIT_RETAIN_SELF = YES;
				CLANG_WARN_OBJC_LITERAL_CONVERSION = YES;
				CLANG_WARN_OBJC_ROOT_CLASS = YES_ERROR;
				CLANG_WARN_QUOTED_INCLUDE_IN_FRAMEWORK_HEADER = YES;
				CLANG_WARN_RANGE_LOOP_ANALYSIS = YES;
				CLANG_WARN_STRICT_PROTOTYPES = YES;
				CLANG_WARN_SUSPICIOUS_MOVE = YES;
				CLANG_WARN_UNGUARDED_AVAILABILITY = YES_AGGRESSIVE;
				CLANG_WARN_UNREACHABLE_CODE = YES;
				CLANG_WARN__DUPLICATE_METHOD_MATCH = YES;
				COPY_PHASE_STRIP = NO;
				DEBUG_INFORMATION_FORMAT = "dwarf-with-dsym";
				ENABLE_NS_ASSERTIONS = NO;
				ENABLE_STRICT_OBJC_MSGSEND = YES;
				GCC_C_LANGUAGE_STANDARD = gnu11;
				GCC_NO_COMMON_BLOCKS = YES;
				GCC_WARN_64_TO_32_BIT_CONVERSION = YES;
				GCC_WARN_ABOUT_RETURN_TYPE = YES_ERROR;
				GCC_WARN_UNDECLARED_SELECTOR = YES;
				GCC_WARN_UNINITIALIZED_AUTOS = YES_AGGRESSIVE;
				GCC_WARN_UNUSED_FUNCTION = YES;
				GCC_WARN_UNUSED_VARIABLE = YES;
				MTL_ENABLE_DEBUG_INFO = NO;
				MTL_FAST_MATH = YES;
				SWIFT_COMPILATION_MODE = wholemodule;
				SWIFT_OPTIMIZATION_LEVEL = "-O";
			};
			name = Release;
		};
		04CCED8428C2879800C68DB8 /* Debug */ = {
			isa = XCBuildConfiguration;
			buildSettings = {
				ASSETCATALOG_COMPILER_APPICON_NAME = AppIcon;
				ASSETCATALOG_COMPILER_GLOBAL_ACCENT_COLOR_NAME = AccentColor;
				CODE_SIGN_STYLE = Automatic;
				CURRENT_PROJECT_VERSION = 1;
				DEVELOPMENT_TEAM = F8544XK3Q3;
				ENABLE_PREVIEWS = YES;
				GENERATE_INFOPLIST_FILE = YES;
				INFOPLIST_FILE = "Wallet--iOS--Info.plist";
				INFOPLIST_KEY_UIApplicationSceneManifest_Generation = YES;
				INFOPLIST_KEY_UIApplicationSupportsIndirectInputEvents = YES;
				INFOPLIST_KEY_UILaunchScreen_Generation = YES;
				INFOPLIST_KEY_UISupportedInterfaceOrientations_iPad = "UIInterfaceOrientationPortrait UIInterfaceOrientationPortraitUpsideDown UIInterfaceOrientationLandscapeLeft UIInterfaceOrientationLandscapeRight";
				INFOPLIST_KEY_UISupportedInterfaceOrientations_iPhone = "UIInterfaceOrientationPortrait UIInterfaceOrientationLandscapeLeft UIInterfaceOrientationLandscapeRight";
				IPHONEOS_DEPLOYMENT_TARGET = 16.0;
				LD_RUNPATH_SEARCH_PATHS = (
					"$(inherited)",
					"@executable_path/Frameworks",
				);
				MARKETING_VERSION = 1.0;
				PRODUCT_BUNDLE_IDENTIFIER = com.mapedd.wallet.Wallet;
				PRODUCT_NAME = "Wallet IOS";
				SDKROOT = iphoneos;
				SWIFT_EMIT_LOC_STRINGS = YES;
				SWIFT_VERSION = 5.0;
				TARGETED_DEVICE_FAMILY = "1,2";
			};
			name = Debug;
		};
		04CCED8528C2879800C68DB8 /* Release */ = {
			isa = XCBuildConfiguration;
			buildSettings = {
				ASSETCATALOG_COMPILER_APPICON_NAME = AppIcon;
				ASSETCATALOG_COMPILER_GLOBAL_ACCENT_COLOR_NAME = AccentColor;
				CODE_SIGN_STYLE = Automatic;
				CURRENT_PROJECT_VERSION = 1;
				DEVELOPMENT_TEAM = F8544XK3Q3;
				ENABLE_PREVIEWS = YES;
				GENERATE_INFOPLIST_FILE = YES;
				INFOPLIST_FILE = "Wallet--iOS--Info.plist";
				INFOPLIST_KEY_UIApplicationSceneManifest_Generation = YES;
				INFOPLIST_KEY_UIApplicationSupportsIndirectInputEvents = YES;
				INFOPLIST_KEY_UILaunchScreen_Generation = YES;
				INFOPLIST_KEY_UISupportedInterfaceOrientations_iPad = "UIInterfaceOrientationPortrait UIInterfaceOrientationPortraitUpsideDown UIInterfaceOrientationLandscapeLeft UIInterfaceOrientationLandscapeRight";
				INFOPLIST_KEY_UISupportedInterfaceOrientations_iPhone = "UIInterfaceOrientationPortrait UIInterfaceOrientationLandscapeLeft UIInterfaceOrientationLandscapeRight";
				IPHONEOS_DEPLOYMENT_TARGET = 16.0;
				LD_RUNPATH_SEARCH_PATHS = (
					"$(inherited)",
					"@executable_path/Frameworks",
				);
				MARKETING_VERSION = 1.0;
				PRODUCT_BUNDLE_IDENTIFIER = com.mapedd.wallet.Wallet;
				PRODUCT_NAME = "Wallet IOS";
				SDKROOT = iphoneos;
				SWIFT_EMIT_LOC_STRINGS = YES;
				SWIFT_VERSION = 5.0;
				TARGETED_DEVICE_FAMILY = "1,2";
				VALIDATE_PRODUCT = YES;
			};
			name = Release;
		};
/* End XCBuildConfiguration section */

/* Begin XCConfigurationList section */
		042A3C4B28DC77BA00772365 /* Build configuration list for PBXNativeTarget "Wallet Mac" */ = {
			isa = XCConfigurationList;
			buildConfigurations = (
				042A3C4C28DC77BA00772365 /* Debug */,
				042A3C4D28DC77BA00772365 /* Release */,
			);
			defaultConfigurationIsVisible = 0;
			defaultConfigurationName = Release;
		};
		048ACB42299959830067F772 /* Build configuration list for PBXNativeTarget "WalletiOSTests" */ = {
			isa = XCConfigurationList;
			buildConfigurations = (
				048ACB43299959830067F772 /* Debug */,
				048ACB44299959830067F772 /* Release */,
			);
			defaultConfigurationIsVisible = 0;
			defaultConfigurationName = Release;
		};
		04C505272991B50D008A6FE1 /* Build configuration list for PBXNativeTarget "WalletMacTests" */ = {
			isa = XCConfigurationList;
			buildConfigurations = (
				04C505282991B50D008A6FE1 /* Debug */,
				04C505292991B50D008A6FE1 /* Release */,
			);
			defaultConfigurationIsVisible = 0;
			defaultConfigurationName = Release;
		};
		04CCED5128C2879600C68DB8 /* Build configuration list for PBXProject "Wallet" */ = {
			isa = XCConfigurationList;
			buildConfigurations = (
				04CCED8128C2879800C68DB8 /* Debug */,
				04CCED8228C2879800C68DB8 /* Release */,
			);
			defaultConfigurationIsVisible = 0;
			defaultConfigurationName = Release;
		};
		04CCED8328C2879800C68DB8 /* Build configuration list for PBXNativeTarget "Wallet (iOS)" */ = {
			isa = XCConfigurationList;
			buildConfigurations = (
				04CCED8428C2879800C68DB8 /* Debug */,
				04CCED8528C2879800C68DB8 /* Release */,
			);
			defaultConfigurationIsVisible = 0;
			defaultConfigurationName = Release;
		};
/* End XCConfigurationList section */

/* Begin XCRemoteSwiftPackageReference section */
		0446E3A3295267FA00B62C95 /* XCRemoteSwiftPackageReference "SwiftKeychainWrapper" */ = {
			isa = XCRemoteSwiftPackageReference;
			repositoryURL = "https://github.com/jrendel/SwiftKeychainWrapper";
			requirement = {
				kind = upToNextMajorVersion;
				minimumVersion = 4.0.0;
			};
		};
		04B8689F298ED1BA0031C525 /* XCRemoteSwiftPackageReference "xctest-dynamic-overlay" */ = {
			isa = XCRemoteSwiftPackageReference;
			repositoryURL = "https://github.com/pointfreeco/xctest-dynamic-overlay.git";
			requirement = {
				kind = upToNextMajorVersion;
				minimumVersion = 0.5.0;
			};
		};
		04CCED8F28C2881C00C68DB8 /* XCRemoteSwiftPackageReference "swift-composable-architecture" */ = {
			isa = XCRemoteSwiftPackageReference;
			repositoryURL = "https://github.com/pointfreeco/swift-composable-architecture.git";
			requirement = {
				kind = revision;
				revision = bcf5683aecdba339d309848c50b7f33fed887709;
			};
		};
/* End XCRemoteSwiftPackageReference section */

/* Begin XCSwiftPackageProductDependency section */
		042A3C5828DC782800772365 /* ComposableArchitecture */ = {
			isa = XCSwiftPackageProductDependency;
			package = 04CCED8F28C2881C00C68DB8 /* XCRemoteSwiftPackageReference "swift-composable-architecture" */;
			productName = ComposableArchitecture;
		};
		0446E395294BC85000B62C95 /* AppApi */ = {
			isa = XCSwiftPackageProductDependency;
			productName = AppApi;
		};
		0450C6CC2992C58D0074A6C7 /* WalletCore */ = {
			isa = XCSwiftPackageProductDependency;
			productName = WalletCore;
		};
		0450C6CE2992CEAE0074A6C7 /* WalletCore */ = {
			isa = XCSwiftPackageProductDependency;
			productName = WalletCore;
		};
		04B868A0298ED1BA0031C525 /* XCTestDynamicOverlay */ = {
			isa = XCSwiftPackageProductDependency;
			package = 04B8689F298ED1BA0031C525 /* XCRemoteSwiftPackageReference "xctest-dynamic-overlay" */;
			productName = XCTestDynamicOverlay;
		};
		04C5050B29919B7F008A6FE1 /* AppApi */ = {
			isa = XCSwiftPackageProductDependency;
			productName = AppApi;
		};
		04C5050D29919B89008A6FE1 /* SwiftKeychainWrapper */ = {
			isa = XCSwiftPackageProductDependency;
			package = 0446E3A3295267FA00B62C95 /* XCRemoteSwiftPackageReference "SwiftKeychainWrapper" */;
			productName = SwiftKeychainWrapper;
		};
		04C5050F29919BB4008A6FE1 /* XCTestDynamicOverlay */ = {
			isa = XCSwiftPackageProductDependency;
			package = 04B8689F298ED1BA0031C525 /* XCRemoteSwiftPackageReference "xctest-dynamic-overlay" */;
			productName = XCTestDynamicOverlay;
		};
		04CCED9028C2881C00C68DB8 /* ComposableArchitecture */ = {
			isa = XCSwiftPackageProductDependency;
			package = 04CCED8F28C2881C00C68DB8 /* XCRemoteSwiftPackageReference "swift-composable-architecture" */;
			productName = ComposableArchitecture;
		};
/* End XCSwiftPackageProductDependency section */
	};
	rootObject = 04CCED4E28C2879600C68DB8 /* Project object */;
}
