{
  "object": {
    "pins": [
      {
        "package": "async-http-client",
        "repositoryURL": "https://github.com/swift-server/async-http-client.git",
        "state": {
          "branch": null,
          "revision": "5bee16a79922e3efcb5cea06ecd27e6f8048b56b",
          "version": "1.13.1"
        }
      },
      {
        "package": "async-kit",
        "repositoryURL": "https://github.com/vapor/async-kit.git",
        "state": {
          "branch": null,
          "revision": "929808e51fea04f01de0e911ce826ef70c4db4ea",
          "version": "1.15.0"
        }
      },
      {
        "package": "combine-schedulers",
        "repositoryURL": "https://github.com/pointfreeco/combine-schedulers",
        "state": {
          "branch": null,
          "revision": "882ac01eb7ef9e36d4467eb4b1151e74fcef85ab",
          "version": "0.9.1"
        }
      },
      {
        "package": "console-kit",
        "repositoryURL": "https://github.com/vapor/console-kit.git",
        "state": {
          "branch": null,
          "revision": "a7e67a1719933318b5ab7eaaed355cde020465b1",
          "version": "4.5.0"
        }
      },
      {
        "package": "fluent",
        "repositoryURL": "https://github.com/vapor/fluent",
        "state": {
          "branch": null,
          "revision": "2da106f46b093885f77fa03e3c719ab5bb8cfab4",
          "version": "4.6.0"
        }
      },
      {
        "package": "fluent-kit",
        "repositoryURL": "https://github.com/vapor/fluent-kit.git",
        "state": {
          "branch": null,
          "revision": "be7912ee4991bcc8a5390fac0424d1d08221dcc6",
          "version": "1.36.1"
        }
      },
      {
        "package": "fluent-sqlite-driver",
        "repositoryURL": "https://github.com/vapor/fluent-sqlite-driver",
        "state": {
          "branch": null,
          "revision": "7f2a0b105e9cd22141dee220848d8739da6b7232",
          "version": "4.3.0"
        }
      },
      {
        "package": "liquid",
        "repositoryURL": "https://github.com/binarybirds/liquid",
        "state": {
          "branch": null,
          "revision": "865eca0fd64273fd4352c26db6f0019d254102cb",
          "version": "1.3.2"
        }
      },
      {
        "package": "liquid-kit",
        "repositoryURL": "https://github.com/binarybirds/liquid-kit.git",
        "state": {
          "branch": null,
          "revision": "d2532e66faad5df4c63d85c7a2fdecc25a679916",
          "version": "1.3.4"
        }
      },
      {
        "package": "liquid-local-driver",
        "repositoryURL": "https://github.com/binarybirds/liquid-local-driver",
        "state": {
          "branch": null,
          "revision": "b068a1ab399d21f5d4b60eb4b0568fad4c398a59",
          "version": "1.3.2"
        }
      },
      {
        "package": "multipart-kit",
        "repositoryURL": "https://github.com/vapor/multipart-kit.git",
        "state": {
          "branch": null,
          "revision": "0d55c35e788451ee27222783c7d363cb88092fab",
          "version": "4.5.2"
        }
      },
      {
        "package": "routing-kit",
        "repositoryURL": "https://github.com/vapor/routing-kit.git",
        "state": {
          "branch": null,
          "revision": "ffac7b3a127ce1e85fb232f1a6271164628809ad",
          "version": "4.6.0"
        }
      },
      {
        "package": "spec",
        "repositoryURL": "https://github.com/binarybirds/spec",
        "state": {
          "branch": null,
          "revision": "aecab17649ac83133daa98e54620911773227946",
          "version": "1.2.2"
        }
      },
      {
        "package": "sql-kit",
        "repositoryURL": "https://github.com/vapor/sql-kit.git",
        "state": {
          "branch": null,
          "revision": "dcf10a00d7d5df987b7948e6fd5596fb65f6d0c2",
          "version": "3.23.0"
        }
      },
      {
        "package": "sqlite-kit",
        "repositoryURL": "https://github.com/vapor/sqlite-kit.git",
        "state": {
          "branch": null,
          "revision": "c07d53044727db7edf8550c2e8ccfe1fa40177d2",
          "version": "4.2.0"
        }
      },
      {
        "package": "sqlite-nio",
        "repositoryURL": "https://github.com/vapor/sqlite-nio.git",
        "state": {
          "branch": null,
          "revision": "3b93e0a58643cc02a8bc42014fe462e1532df62d",
          "version": "1.3.0"
        }
      },
      {
        "package": "swift-algorithms",
        "repositoryURL": "https://github.com/apple/swift-algorithms.git",
        "state": {
          "branch": null,
          "revision": "b14b7f4c528c942f121c8b860b9410b2bf57825e",
          "version": "1.0.0"
        }
      },
      {
        "package": "swift-atomics",
        "repositoryURL": "https://github.com/apple/swift-atomics.git",
        "state": {
          "branch": null,
          "revision": "ff3d2212b6b093db7f177d0855adbc4ef9c5f036",
          "version": "1.0.3"
        }
      },
      {
        "package": "swift-backtrace",
        "repositoryURL": "https://github.com/swift-server/swift-backtrace.git",
        "state": {
          "branch": null,
          "revision": "f25620d5d05e2f1ba27154b40cafea2b67566956",
          "version": "1.3.3"
        }
      },
      {
        "package": "swift-case-paths",
        "repositoryURL": "https://github.com/pointfreeco/swift-case-paths",
        "state": {
          "branch": null,
          "revision": "c3a42e8d1a76ff557cf565ed6d8b0aee0e6e75af",
          "version": "0.11.0"
        }
      },
      {
        "package": "swift-clocks",
        "repositoryURL": "https://github.com/pointfreeco/swift-clocks",
        "state": {
          "branch": null,
          "revision": "20b25ca0dd88ebfb9111ec937814ddc5a8880172",
          "version": "0.2.0"
        }
      },
      {
        "package": "swift-collections",
        "repositoryURL": "https://github.com/apple/swift-collections",
        "state": {
          "branch": null,
          "revision": "937e904258d22af6e447a0b72c0bc67583ef64a2",
          "version": "1.0.4"
        }
      },
      {
        "package": "swift-composable-architecture",
        "repositoryURL": "https://github.com/pointfreeco/swift-composable-architecture.git",
        "state": {
          "branch": null,
          "revision": "c9259b5f74892690cb04a9a8088b4a1789b05a7d",
          "version": "0.47.2"
        }
      },
      {
        "package": "swift-crypto",
        "repositoryURL": "https://github.com/apple/swift-crypto.git",
        "state": {
          "branch": null,
          "revision": "92a04c10fc5ce0504f8396aac7392126033e547c",
          "version": "2.2.2"
        }
      },
      {
        "package": "swift-custom-dump",
        "repositoryURL": "https://github.com/pointfreeco/swift-custom-dump",
        "state": {
          "branch": null,
          "revision": "ead7d30cc224c3642c150b546f4f1080d1c411a8",
          "version": "0.6.1"
        }
      },
      {
        "package": "swift-html",
        "repositoryURL": "https://github.com/binarybirds/swift-html",
        "state": {
          "branch": null,
          "revision": "e07678a77d296e66fa891a9d4d08acc4471d1783",
          "version": "1.6.11"
        }
      },
      {
        "package": "swift-identified-collections",
        "repositoryURL": "https://github.com/pointfreeco/swift-identified-collections",
        "state": {
          "branch": null,
          "revision": "a08887de589e3829d488e0b4b707b2ca804b1060",
          "version": "0.5.0"
        }
      },
      {
        "package": "swift-log",
        "repositoryURL": "https://github.com/apple/swift-log.git",
        "state": {
          "branch": null,
          "revision": "6fe203dc33195667ce1759bf0182975e4653ba1c",
          "version": "1.4.4"
        }
      },
      {
        "package": "swift-metrics",
        "repositoryURL": "https://github.com/apple/swift-metrics.git",
        "state": {
          "branch": null,
          "revision": "9b39d811a83cf18b79d7d5513b06f8b290198b10",
          "version": "2.3.3"
        }
      },
      {
        "package": "swift-nio",
        "repositoryURL": "https://github.com/apple/swift-nio.git",
        "state": {
          "branch": null,
          "revision": "7e3b50b38e4e66f31db6cf4a784c6af148bac846",
          "version": "2.46.0"
        }
      },
      {
        "package": "swift-nio-extras",
        "repositoryURL": "https://github.com/apple/swift-nio-extras.git",
        "state": {
          "branch": null,
          "revision": "91dd2d61fb772e1311bb5f13b59266b579d77e42",
          "version": "1.15.0"
        }
      },
      {
        "package": "swift-nio-http2",
        "repositoryURL": "https://github.com/apple/swift-nio-http2.git",
        "state": {
          "branch": null,
          "revision": "d6656967f33ed8b368b38e4b198631fc7c484a40",
          "version": "1.23.1"
        }
      },
      {
        "package": "swift-nio-ssl",
        "repositoryURL": "https://github.com/apple/swift-nio-ssl.git",
        "state": {
          "branch": null,
          "revision": "4fb7ead803e38949eb1d6fabb849206a72c580f3",
          "version": "2.23.0"
        }
      },
      {
        "package": "swift-nio-transport-services",
        "repositoryURL": "https://github.com/apple/swift-nio-transport-services.git",
        "state": {
          "branch": null,
          "revision": "c0d9a144cfaec8d3d596aadde3039286a266c15c",
          "version": "1.15.0"
        }
      },
      {
        "package": "swift-numerics",
        "repositoryURL": "https://github.com/apple/swift-numerics",
        "state": {
          "branch": null,
          "revision": "0a5bc04095a675662cf24757cc0640aa2204253b",
          "version": "1.0.2"
        }
      },
      {
        "package": "SwiftKeychainWrapper",
        "repositoryURL": "https://github.com/jrendel/SwiftKeychainWrapper",
        "state": {
          "branch": null,
          "revision": "185a3165346a03767101c4f62e9a545a0fe0530f",
          "version": "4.0.1"
        }
      },
      {
        "package": "swiftui-navigation",
        "repositoryURL": "https://github.com/pointfreeco/swiftui-navigation.git",
        "state": {
          "branch": null,
          "revision": "46acf5ecc1cabdb28d7fe03289f6c8b13a023f52",
          "version": "0.4.5"
        }
      },
      {
        "package": "vapor",
        "repositoryURL": "https://github.com/vapor/vapor",
        "state": {
          "branch": null,
          "revision": "eb2da0d749e185789970c32f7fd9c114a339fa13",
          "version": "4.67.5"
        }
      },
      {
        "package": "websocket-kit",
        "repositoryURL": "https://github.com/vapor/websocket-kit.git",
        "state": {
          "branch": null,
          "revision": "2d9d2188a08eef4a869d368daab21b3c08510991",
          "version": "2.6.1"
        }
      },
      {
        "package": "xctest-dynamic-overlay",
        "repositoryURL": "https://github.com/pointfreeco/xctest-dynamic-overlay",
        "state": {
          "branch": null,
          "revision": "a9daebf0bf65981fd159c885d504481a65a75f02",
          "version": "0.8.0"
        }
      }
    ]
  },
  "version": 1
}
