{
  "object": {
    "pins": [
      {
        "package": "async-http-client",
        "repositoryURL": "https://github.com/swift-server/async-http-client.git",
        "state": {
          "branch": null,
          "revision": "864c8d9e0ead5de7ba70b61c8982f89126710863",
          "version": "1.15.0"
        }
      },
      {
        "package": "async-kit",
        "repositoryURL": "https://github.com/vapor/async-kit.git",
        "state": {
          "branch": null,
          "revision": "9acea4c92f51a5885c149904f0d11db4712dda80",
          "version": "1.16.0"
        }
      },
      {
        "package": "combine-schedulers",
        "repositoryURL": "https://github.com/pointfreeco/combine-schedulers",
        "state": {
          "branch": null,
          "revision": "882ac01eb7ef9e36d4467eb4b1151e74fcef85ab",
          "version": "0.9.1"
        }
      },
      {
        "package": "console-kit",
        "repositoryURL": "https://github.com/vapor/console-kit.git",
        "state": {
          "branch": null,
          "revision": "447f1046fb4e9df40973fe426ecb24a6f0e8d3b4",
          "version": "4.6.0"
        }
      },
      {
        "package": "fluent",
        "repositoryURL": "https://github.com/vapor/fluent",
        "state": {
          "branch": null,
          "revision": "4db22cc7797b3a687de65e32e11108cf92fb32da",
          "version": "4.7.0"
        }
      },
      {
        "package": "fluent-kit",
        "repositoryURL": "https://github.com/vapor/fluent-kit.git",
        "state": {
          "branch": null,
          "revision": "dd6b7f8fb71b83d832ab88270704a29c63d8bd91",
          "version": "1.40.0"
        }
      },
      {
        "package": "fluent-sqlite-driver",
        "repositoryURL": "https://github.com/vapor/fluent-sqlite-driver",
        "state": {
          "branch": null,
          "revision": "60d01964a8768bde8116a2c66110da080b51e9f6",
          "version": "4.3.1"
        }
      },
      {
        "package": "KeychainAccess",
        "repositoryURL": "https://github.com/kishikawakatsumi/KeychainAccess.git",
        "state": {
          "branch": null,
          "revision": "84e546727d66f1adc5439debad16270d0fdd04e7",
          "version": "4.2.2"
        }
      },
      {
        "package": "liquid",
        "repositoryURL": "https://github.com/binarybirds/liquid",
        "state": {
          "branch": null,
          "revision": "865eca0fd64273fd4352c26db6f0019d254102cb",
          "version": "1.3.2"
        }
      },
      {
        "package": "liquid-kit",
        "repositoryURL": "https://github.com/binarybirds/liquid-kit.git",
        "state": {
          "branch": null,
          "revision": "d2532e66faad5df4c63d85c7a2fdecc25a679916",
          "version": "1.3.4"
        }
      },
      {
        "package": "liquid-local-driver",
        "repositoryURL": "https://github.com/binarybirds/liquid-local-driver",
        "state": {
          "branch": null,
          "revision": "b068a1ab399d21f5d4b60eb4b0568fad4c398a59",
          "version": "1.3.2"
        }
      },
      {
        "package": "multipart-kit",
        "repositoryURL": "https://github.com/vapor/multipart-kit.git",
        "state": {
          "branch": null,
          "revision": "0d55c35e788451ee27222783c7d363cb88092fab",
          "version": "4.5.2"
        }
      },
      {
        "package": "routing-kit",
        "repositoryURL": "https://github.com/vapor/routing-kit.git",
        "state": {
          "branch": null,
          "revision": "ffac7b3a127ce1e85fb232f1a6271164628809ad",
          "version": "4.6.0"
        }
      },
      {
        "package": "SourceKitten",
        "repositoryURL": "https://github.com/jpsim/SourceKitten.git",
        "state": {
          "branch": null,
          "revision": "817dfa6f2e09b0476f3a6c9dbc035991f02f0241",
          "version": "0.32.0"
        }
      },
      {
        "package": "spec",
        "repositoryURL": "https://github.com/binarybirds/spec",
        "state": {
          "branch": null,
          "revision": "aecab17649ac83133daa98e54620911773227946",
          "version": "1.2.2"
        }
      },
      {
        "package": "sql-kit",
        "repositoryURL": "https://github.com/vapor/sql-kit.git",
        "state": {
          "branch": null,
          "revision": "fcc29f543b3de7b661cbe7540805974234cb9740",
          "version": "3.24.0"
        }
      },
      {
        "package": "sqlite-kit",
        "repositoryURL": "https://github.com/vapor/sqlite-kit.git",
        "state": {
          "branch": null,
          "revision": "76da703f89f1dc92f05da79782ebc44c52f17453",
          "version": "4.2.1"
        }
      },
      {
        "package": "sqlite-nio",
        "repositoryURL": "https://github.com/vapor/sqlite-nio.git",
        "state": {
          "branch": null,
          "revision": "0c5014ed4a4fc2c8ef7a31cee8229285ad2d7b14",
          "version": "1.3.4"
        }
      },
      {
        "package": "swift-algorithms",
        "repositoryURL": "https://github.com/apple/swift-algorithms.git",
        "state": {
          "branch": null,
          "revision": "b14b7f4c528c942f121c8b860b9410b2bf57825e",
          "version": "1.0.0"
        }
      },
      {
        "package": "swift-argument-parser",
        "repositoryURL": "https://github.com/apple/swift-argument-parser",
        "state": {
          "branch": null,
          "revision": "fee6933f37fde9a5e12a1e4aeaa93fe60116ff2a",
          "version": "1.2.2"
        }
      },
      {
        "package": "swift-atomics",
        "repositoryURL": "https://github.com/apple/swift-atomics.git",
        "state": {
          "branch": null,
          "revision": "ff3d2212b6b093db7f177d0855adbc4ef9c5f036",
          "version": "1.0.3"
        }
      },
      {
        "package": "swift-backtrace",
        "repositoryURL": "https://github.com/swift-server/swift-backtrace.git",
        "state": {
          "branch": null,
          "revision": "f25620d5d05e2f1ba27154b40cafea2b67566956",
          "version": "1.3.3"
        }
      },
      {
        "package": "swift-case-paths",
        "repositoryURL": "https://github.com/pointfreeco/swift-case-paths",
        "state": {
          "branch": null,
          "revision": "870133b7b2387df136ad301ec67b2e864b51dda1",
          "version": "0.14.0"
        }
      },
      {
        "package": "swift-clocks",
        "repositoryURL": "https://github.com/pointfreeco/swift-clocks",
        "state": {
          "branch": null,
          "revision": "20b25ca0dd88ebfb9111ec937814ddc5a8880172",
          "version": "0.2.0"
        }
      },
      {
        "package": "swift-collections",
        "repositoryURL": "https://github.com/apple/swift-collections",
        "state": {
          "branch": null,
          "revision": "937e904258d22af6e447a0b72c0bc67583ef64a2",
          "version": "1.0.4"
        }
      },
      {
        "package": "swift-composable-architecture",
        "repositoryURL": "https://github.com/pointfreeco/swift-composable-architecture.git",
        "state": {
          "branch": null,
          "revision": "bcf5683aecdba339d309848c50b7f33fed887709",
          "version": null
        }
      },
      {
        "package": "swift-crypto",
        "repositoryURL": "https://github.com/apple/swift-crypto.git",
        "state": {
          "branch": null,
          "revision": "80a6e3edc1fc3a4c6c7d4177c73fa3f74c72d3e1",
          "version": "2.3.0"
        }
      },
      {
        "package": "swift-custom-dump",
        "repositoryURL": "https://github.com/pointfreeco/swift-custom-dump",
        "state": {
          "branch": null,
          "revision": "de8ba65649e7ee317b9daf27dd5eebf34bd4be57",
          "version": "0.9.1"
        }
      },
      {
        "package": "swift-dependencies",
        "repositoryURL": "https://github.com/pointfreeco/swift-dependencies",
        "state": {
          "branch": null,
          "revision": "6bb1034e8a1bfbf46dfb766b6c09b7b17e1cba10",
          "version": "0.2.0"
        }
      },
      {
        "package": "swift-html",
        "repositoryURL": "https://github.com/binarybirds/swift-html",
        "state": {
          "branch": null,
          "revision": "e07678a77d296e66fa891a9d4d08acc4471d1783",
          "version": "1.6.11"
        }
      },
      {
        "package": "swift-identified-collections",
        "repositoryURL": "https://github.com/pointfreeco/swift-identified-collections",
        "state": {
          "branch": null,
          "revision": "ad3932d28c2e0a009a0167089619526709ef6497",
          "version": "0.7.0"
        }
      },
      {
        "package": "swift-log",
        "repositoryURL": "https://github.com/apple/swift-log.git",
        "state": {
          "branch": null,
          "revision": "32e8d724467f8fe623624570367e3d50c5638e46",
          "version": "1.5.2"
        }
      },
      {
        "package": "swift-metrics",
        "repositoryURL": "https://github.com/apple/swift-metrics.git",
        "state": {
          "branch": null,
          "revision": "e8bced74bc6d747745935e469f45d03f048d6cbd",
          "version": "2.3.4"
        }
      },
      {
        "package": "swift-nio",
        "repositoryURL": "https://github.com/apple/swift-nio.git",
        "state": {
          "branch": null,
          "revision": "45167b8006448c79dda4b7bd604e07a034c15c49",
          "version": "2.48.0"
        }
      },
      {
        "package": "swift-nio-extras",
        "repositoryURL": "https://github.com/apple/swift-nio-extras.git",
        "state": {
          "branch": null,
          "revision": "d75ed708d00353acf173ca23018b6bd46f949464",
          "version": "1.17.0"
        }
      },
      {
        "package": "swift-nio-http2",
        "repositoryURL": "https://github.com/apple/swift-nio-http2.git",
        "state": {
          "branch": null,
          "revision": "38feec96bcd929028939107684073554bf01abeb",
          "version": "1.25.2"
        }
      },
      {
        "package": "swift-nio-ssl",
        "repositoryURL": "https://github.com/apple/swift-nio-ssl.git",
        "state": {
          "branch": null,
          "revision": "4fb7ead803e38949eb1d6fabb849206a72c580f3",
          "version": "2.23.0"
        }
      },
      {
        "package": "swift-nio-transport-services",
        "repositoryURL": "https://github.com/apple/swift-nio-transport-services.git",
        "state": {
          "branch": null,
          "revision": "c0d9a144cfaec8d3d596aadde3039286a266c15c",
          "version": "1.15.0"
        }
      },
      {
        "package": "swift-numerics",
        "repositoryURL": "https://github.com/apple/swift-numerics",
        "state": {
          "branch": null,
          "revision": "0a5bc04095a675662cf24757cc0640aa2204253b",
          "version": "1.0.2"
        }
      },
      {
        "package": "swift-parsing",
        "repositoryURL": "https://github.com/pointfreeco/swift-parsing",
        "state": {
          "branch": null,
          "revision": "4bb9192468c1a8be57f46b7d6fd4f561c88b2195",
          "version": "0.11.0"
        }
      },
      {
        "package": "SwiftKeychainWrapper",
        "repositoryURL": "https://github.com/jrendel/SwiftKeychainWrapper",
        "state": {
          "branch": null,
          "revision": "185a3165346a03767101c4f62e9a545a0fe0530f",
          "version": "4.0.1"
        }
      },
      {
        "package": "SwiftSoup",
        "repositoryURL": "https://github.com/scinfu/SwiftSoup.git",
        "state": {
          "branch": null,
          "revision": "f707b8680cddb96dc1855632340a572ef37bbb98",
          "version": "2.5.3"
        }
      },
      {
        "package": "swiftui-navigation",
        "repositoryURL": "https://github.com/pointfreeco/swiftui-navigation",
        "state": {
          "branch": "main",
          "revision": "0a0e1b321d70ee6a464ecfe6b0136d9eff77ebfc",
          "version": null
        }
      },
      {
        "package": "SWXMLHash",
        "repositoryURL": "https://github.com/drmohundro/SWXMLHash.git",
        "state": {
          "branch": null,
          "revision": "6469881a3f30417c5bb02404ea4b69207f297592",
          "version": "6.0.0"
        }
      },
      {
        "package": "vapor",
        "repositoryURL": "https://github.com/vapor/vapor",
        "state": {
          "branch": null,
          "revision": "07b8b5d8fe09adda4afe81f956539910f8bfcb00",
          "version": "4.73.0"
        }
      },
      {
        "package": "websocket-kit",
        "repositoryURL": "https://github.com/vapor/websocket-kit.git",
        "state": {
          "branch": null,
          "revision": "2b8885974e8d9f522e787805000553f4f7cce8a0",
          "version": "2.7.0"
        }
      },
      {
        "package": "xctest-dynamic-overlay",
        "repositoryURL": "https://github.com/pointfreeco/xctest-dynamic-overlay.git",
        "state": {
          "branch": null,
          "revision": "62041e6016a30f56952f5d7d3f12a3fd7029e1cd",
          "version": "0.8.3"
        }
      },
      {
        "package": "Yams",
        "repositoryURL": "https://github.com/jpsim/Yams.git",
        "state": {
          "branch": null,
          "revision": "9ff1cc9327586db4e0c8f46f064b6a82ec1566fa",
          "version": "4.0.6"
        }
      }
    ]
  },
  "version": 1
}
